// !$*UTF8*$!
{
	archiveVersion = 1;
	classes = {
	};
	objectVersion = 46;
	objects = {

/* Begin PBXAggregateTarget section */
		"SwiftCBOR::SwiftCBORPackageTests::ProductTarget" /* SwiftCBORPackageTests */ = {
			isa = PBXAggregateTarget;
			buildConfigurationList = OBJ_69 /* Build configuration list for PBXAggregateTarget "SwiftCBORPackageTests" */;
			buildPhases = (
			);
			dependencies = (
				OBJ_72 /* PBXTargetDependency */,
			);
			name = SwiftCBORPackageTests;
			productName = SwiftCBORPackageTests;
		};
/* End PBXAggregateTarget section */

/* Begin PBXBuildFile section */
		376AD1E0225D0180008B63CE /* CodableCBORDecoderTests.swift in Sources */ = {isa = PBXBuildFile; fileRef = 376AD1DF225D0180008B63CE /* CodableCBORDecoderTests.swift */; };
		376AD1E2225D0194008B63CE /* CodableCBOREncoderTests.swift in Sources */ = {isa = PBXBuildFile; fileRef = 376AD1E1225D0194008B63CE /* CodableCBOREncoderTests.swift */; };
		376AD1E4225D03C5008B63CE /* CBORCodableRoundtripTests.swift in Sources */ = {isa = PBXBuildFile; fileRef = 376AD1E3225D03C5008B63CE /* CBORCodableRoundtripTests.swift */; };
		OBJ_45 /* AnyCodingKey.swift in Sources */ = {isa = PBXBuildFile; fileRef = OBJ_10 /* AnyCodingKey.swift */; };
		OBJ_46 /* CBOR.swift in Sources */ = {isa = PBXBuildFile; fileRef = OBJ_11 /* CBOR.swift */; };
		OBJ_47 /* CBORDecoder.swift in Sources */ = {isa = PBXBuildFile; fileRef = OBJ_12 /* CBORDecoder.swift */; };
		OBJ_48 /* CBOREncodable.swift in Sources */ = {isa = PBXBuildFile; fileRef = OBJ_13 /* CBOREncodable.swift */; };
		OBJ_49 /* CBOREncoder.swift in Sources */ = {isa = PBXBuildFile; fileRef = OBJ_14 /* CBOREncoder.swift */; };
		OBJ_50 /* CBORInputStream.swift in Sources */ = {isa = PBXBuildFile; fileRef = OBJ_15 /* CBORInputStream.swift */; };
		OBJ_51 /* KeyedDecodingContainer.swift in Sources */ = {isa = PBXBuildFile; fileRef = OBJ_17 /* KeyedDecodingContainer.swift */; };
		OBJ_52 /* CodableCBORDecoder.swift in Sources */ = {isa = PBXBuildFile; fileRef = OBJ_18 /* CodableCBORDecoder.swift */; };
		OBJ_53 /* SingleValueDecodingContainer.swift in Sources */ = {isa = PBXBuildFile; fileRef = OBJ_19 /* SingleValueDecodingContainer.swift */; };
		OBJ_54 /* UnkeyedDecodingContainer.swift in Sources */ = {isa = PBXBuildFile; fileRef = OBJ_20 /* UnkeyedDecodingContainer.swift */; };
		OBJ_55 /* KeyedEncodingContainer.swift in Sources */ = {isa = PBXBuildFile; fileRef = OBJ_22 /* KeyedEncodingContainer.swift */; };
		OBJ_56 /* CodableCBOREncoder.swift in Sources */ = {isa = PBXBuildFile; fileRef = OBJ_23 /* CodableCBOREncoder.swift */; };
		OBJ_57 /* SingleValueEncodingContainer.swift in Sources */ = {isa = PBXBuildFile; fileRef = OBJ_24 /* SingleValueEncodingContainer.swift */; };
		OBJ_58 /* UnkeyedEncodingContainer.swift in Sources */ = {isa = PBXBuildFile; fileRef = OBJ_25 /* UnkeyedEncodingContainer.swift */; };
		OBJ_59 /* FixedWidthInteger+Bytes.swift in Sources */ = {isa = PBXBuildFile; fileRef = OBJ_26 /* FixedWidthInteger+Bytes.swift */; };
		OBJ_60 /* Util.swift in Sources */ = {isa = PBXBuildFile; fileRef = OBJ_27 /* Util.swift */; };
		OBJ_67 /* Package.swift in Sources */ = {isa = PBXBuildFile; fileRef = OBJ_6 /* Package.swift */; };
		OBJ_78 /* CBORDecoderTests.swift in Sources */ = {isa = PBXBuildFile; fileRef = OBJ_31 /* CBORDecoderTests.swift */; };
		OBJ_79 /* CBOREncoderTests.swift in Sources */ = {isa = PBXBuildFile; fileRef = OBJ_32 /* CBOREncoderTests.swift */; };
		OBJ_81 /* SwiftCBOR.framework in Frameworks */ = {isa = PBXBuildFile; fileRef = "SwiftCBOR::SwiftCBOR::Product" /* SwiftCBOR.framework */; };
/* End PBXBuildFile section */

/* Begin PBXContainerItemProxy section */
		376AD1DD225CECC1008B63CE /* PBXContainerItemProxy */ = {
			isa = PBXContainerItemProxy;
			containerPortal = OBJ_1 /* Project object */;
			proxyType = 1;
			remoteGlobalIDString = "SwiftCBOR::SwiftCBOR";
			remoteInfo = SwiftCBOR;
		};
		376AD1DE225CECC2008B63CE /* PBXContainerItemProxy */ = {
			isa = PBXContainerItemProxy;
			containerPortal = OBJ_1 /* Project object */;
			proxyType = 1;
			remoteGlobalIDString = "SwiftCBOR::SwiftCBORTests";
			remoteInfo = SwiftCBORTests;
		};
/* End PBXContainerItemProxy section */

/* Begin PBXFileReference section */
		376AD1DF225D0180008B63CE /* CodableCBORDecoderTests.swift */ = {isa = PBXFileReference; lastKnownFileType = sourcecode.swift; path = CodableCBORDecoderTests.swift; sourceTree = "<group>"; };
		376AD1E1225D0194008B63CE /* CodableCBOREncoderTests.swift */ = {isa = PBXFileReference; lastKnownFileType = sourcecode.swift; path = CodableCBOREncoderTests.swift; sourceTree = "<group>"; };
		376AD1E3225D03C5008B63CE /* CBORCodableRoundtripTests.swift */ = {isa = PBXFileReference; lastKnownFileType = sourcecode.swift; path = CBORCodableRoundtripTests.swift; sourceTree = "<group>"; };
		OBJ_10 /* AnyCodingKey.swift */ = {isa = PBXFileReference; lastKnownFileType = sourcecode.swift; path = AnyCodingKey.swift; sourceTree = "<group>"; };
		OBJ_11 /* CBOR.swift */ = {isa = PBXFileReference; lastKnownFileType = sourcecode.swift; path = CBOR.swift; sourceTree = "<group>"; };
		OBJ_12 /* CBORDecoder.swift */ = {isa = PBXFileReference; lastKnownFileType = sourcecode.swift; path = CBORDecoder.swift; sourceTree = "<group>"; };
		OBJ_13 /* CBOREncodable.swift */ = {isa = PBXFileReference; lastKnownFileType = sourcecode.swift; path = CBOREncodable.swift; sourceTree = "<group>"; };
		OBJ_14 /* CBOREncoder.swift */ = {isa = PBXFileReference; lastKnownFileType = sourcecode.swift; path = CBOREncoder.swift; sourceTree = "<group>"; };
		OBJ_15 /* CBORInputStream.swift */ = {isa = PBXFileReference; lastKnownFileType = sourcecode.swift; path = CBORInputStream.swift; sourceTree = "<group>"; };
		OBJ_17 /* KeyedDecodingContainer.swift */ = {isa = PBXFileReference; lastKnownFileType = sourcecode.swift; path = KeyedDecodingContainer.swift; sourceTree = "<group>"; };
		OBJ_18 /* CodableCBORDecoder.swift */ = {isa = PBXFileReference; lastKnownFileType = sourcecode.swift; path = CodableCBORDecoder.swift; sourceTree = "<group>"; };
		OBJ_19 /* SingleValueDecodingContainer.swift */ = {isa = PBXFileReference; lastKnownFileType = sourcecode.swift; path = SingleValueDecodingContainer.swift; sourceTree = "<group>"; };
		OBJ_20 /* UnkeyedDecodingContainer.swift */ = {isa = PBXFileReference; lastKnownFileType = sourcecode.swift; path = UnkeyedDecodingContainer.swift; sourceTree = "<group>"; };
		OBJ_22 /* KeyedEncodingContainer.swift */ = {isa = PBXFileReference; lastKnownFileType = sourcecode.swift; path = KeyedEncodingContainer.swift; sourceTree = "<group>"; };
		OBJ_23 /* CodableCBOREncoder.swift */ = {isa = PBXFileReference; lastKnownFileType = sourcecode.swift; path = CodableCBOREncoder.swift; sourceTree = "<group>"; };
		OBJ_24 /* SingleValueEncodingContainer.swift */ = {isa = PBXFileReference; lastKnownFileType = sourcecode.swift; path = SingleValueEncodingContainer.swift; sourceTree = "<group>"; };
		OBJ_25 /* UnkeyedEncodingContainer.swift */ = {isa = PBXFileReference; lastKnownFileType = sourcecode.swift; path = UnkeyedEncodingContainer.swift; sourceTree = "<group>"; };
		OBJ_26 /* FixedWidthInteger+Bytes.swift */ = {isa = PBXFileReference; lastKnownFileType = sourcecode.swift; path = "FixedWidthInteger+Bytes.swift"; sourceTree = "<group>"; };
		OBJ_27 /* Util.swift */ = {isa = PBXFileReference; lastKnownFileType = sourcecode.swift; path = Util.swift; sourceTree = "<group>"; };
		OBJ_30 /* Info.plist */ = {isa = PBXFileReference; lastKnownFileType = text.plist.xml; path = Info.plist; sourceTree = "<group>"; };
		OBJ_31 /* CBORDecoderTests.swift */ = {isa = PBXFileReference; lastKnownFileType = sourcecode.swift; path = CBORDecoderTests.swift; sourceTree = "<group>"; };
		OBJ_32 /* CBOREncoderTests.swift */ = {isa = PBXFileReference; lastKnownFileType = sourcecode.swift; path = CBOREncoderTests.swift; sourceTree = "<group>"; };
		OBJ_36 /* CODE_OF_CONDUCT.md */ = {isa = PBXFileReference; lastKnownFileType = net.daringfireball.markdown; path = CODE_OF_CONDUCT.md; sourceTree = "<group>"; };
		OBJ_37 /* SwiftCBOR.podspec */ = {isa = PBXFileReference; lastKnownFileType = text; path = SwiftCBOR.podspec; sourceTree = "<group>"; };
		OBJ_38 /* README.md */ = {isa = PBXFileReference; lastKnownFileType = net.daringfireball.markdown; path = README.md; sourceTree = "<group>"; };
		OBJ_39 /* UNLICENSE */ = {isa = PBXFileReference; lastKnownFileType = text; path = UNLICENSE; sourceTree = "<group>"; };
		OBJ_6 /* Package.swift */ = {isa = PBXFileReference; explicitFileType = sourcecode.swift; path = Package.swift; sourceTree = "<group>"; };
		OBJ_9 /* Info.plist */ = {isa = PBXFileReference; lastKnownFileType = text.plist.xml; path = Info.plist; sourceTree = "<group>"; };
		"SwiftCBOR::SwiftCBOR::Product" /* SwiftCBOR.framework */ = {isa = PBXFileReference; lastKnownFileType = wrapper.framework; path = SwiftCBOR.framework; sourceTree = BUILT_PRODUCTS_DIR; };
		"SwiftCBOR::SwiftCBORTests::Product" /* SwiftCBORTests.xctest */ = {isa = PBXFileReference; lastKnownFileType = file; path = SwiftCBORTests.xctest; sourceTree = BUILT_PRODUCTS_DIR; };
/* End PBXFileReference section */

/* Begin PBXFrameworksBuildPhase section */
		OBJ_61 /* Frameworks */ = {
			isa = PBXFrameworksBuildPhase;
			buildActionMask = 0;
			files = (
			);
			runOnlyForDeploymentPostprocessing = 0;
		};
		OBJ_80 /* Frameworks */ = {
			isa = PBXFrameworksBuildPhase;
			buildActionMask = 0;
			files = (
				OBJ_81 /* SwiftCBOR.framework in Frameworks */,
			);
			runOnlyForDeploymentPostprocessing = 0;
		};
/* End PBXFrameworksBuildPhase section */

/* Begin PBXGroup section */
		OBJ_16 /* Decoder */ = {
			isa = PBXGroup;
			children = (
				OBJ_17 /* KeyedDecodingContainer.swift */,
				OBJ_18 /* CodableCBORDecoder.swift */,
				OBJ_19 /* SingleValueDecodingContainer.swift */,
				OBJ_20 /* UnkeyedDecodingContainer.swift */,
			);
			path = Decoder;
			sourceTree = "<group>";
		};
		OBJ_21 /* Encoder */ = {
			isa = PBXGroup;
			children = (
				OBJ_22 /* KeyedEncodingContainer.swift */,
				OBJ_23 /* CodableCBOREncoder.swift */,
				OBJ_24 /* SingleValueEncodingContainer.swift */,
				OBJ_25 /* UnkeyedEncodingContainer.swift */,
			);
			path = Encoder;
			sourceTree = "<group>";
		};
		OBJ_28 /* Tests */ = {
			isa = PBXGroup;
			children = (
				OBJ_29 /* SwiftCBORTests */,
			);
			name = Tests;
			sourceTree = SOURCE_ROOT;
		};
		OBJ_29 /* SwiftCBORTests */ = {
			isa = PBXGroup;
			children = (
				OBJ_30 /* Info.plist */,
				OBJ_31 /* CBORDecoderTests.swift */,
				OBJ_32 /* CBOREncoderTests.swift */,
				376AD1DF225D0180008B63CE /* CodableCBORDecoderTests.swift */,
				376AD1E1225D0194008B63CE /* CodableCBOREncoderTests.swift */,
				376AD1E3225D03C5008B63CE /* CBORCodableRoundtripTests.swift */,
			);
			name = SwiftCBORTests;
			path = Tests/SwiftCBORTests;
			sourceTree = SOURCE_ROOT;
		};
		OBJ_33 /* Products */ = {
			isa = PBXGroup;
			children = (
				"SwiftCBOR::SwiftCBORTests::Product" /* SwiftCBORTests.xctest */,
				"SwiftCBOR::SwiftCBOR::Product" /* SwiftCBOR.framework */,
			);
			name = Products;
			sourceTree = BUILT_PRODUCTS_DIR;
		};
		OBJ_5 /*  */ = {
			isa = PBXGroup;
			children = (
				OBJ_6 /* Package.swift */,
				OBJ_7 /* Sources */,
				OBJ_28 /* Tests */,
				OBJ_33 /* Products */,
				OBJ_36 /* CODE_OF_CONDUCT.md */,
				OBJ_37 /* SwiftCBOR.podspec */,
				OBJ_38 /* README.md */,
				OBJ_39 /* UNLICENSE */,
			);
			name = "";
			sourceTree = "<group>";
		};
		OBJ_7 /* Sources */ = {
			isa = PBXGroup;
			children = (
				OBJ_8 /* SwiftCBOR */,
			);
			name = Sources;
			sourceTree = SOURCE_ROOT;
		};
		OBJ_8 /* SwiftCBOR */ = {
			isa = PBXGroup;
			children = (
				OBJ_9 /* Info.plist */,
				OBJ_10 /* AnyCodingKey.swift */,
				OBJ_11 /* CBOR.swift */,
				OBJ_12 /* CBORDecoder.swift */,
				OBJ_13 /* CBOREncodable.swift */,
				OBJ_14 /* CBOREncoder.swift */,
				OBJ_15 /* CBORInputStream.swift */,
				OBJ_16 /* Decoder */,
				OBJ_21 /* Encoder */,
				OBJ_26 /* FixedWidthInteger+Bytes.swift */,
				OBJ_27 /* Util.swift */,
			);
			name = SwiftCBOR;
			path = Sources/SwiftCBOR;
			sourceTree = SOURCE_ROOT;
		};
/* End PBXGroup section */

/* Begin PBXNativeTarget section */
		"SwiftCBOR::SwiftCBOR" /* SwiftCBOR */ = {
			isa = PBXNativeTarget;
			buildConfigurationList = OBJ_41 /* Build configuration list for PBXNativeTarget "SwiftCBOR" */;
			buildPhases = (
				OBJ_44 /* Sources */,
				OBJ_61 /* Frameworks */,
			);
			buildRules = (
			);
			dependencies = (
			);
			name = SwiftCBOR;
			productName = SwiftCBOR;
			productReference = "SwiftCBOR::SwiftCBOR::Product" /* SwiftCBOR.framework */;
			productType = "com.apple.product-type.framework";
		};
		"SwiftCBOR::SwiftCBORTests" /* SwiftCBORTests */ = {
			isa = PBXNativeTarget;
			buildConfigurationList = OBJ_74 /* Build configuration list for PBXNativeTarget "SwiftCBORTests" */;
			buildPhases = (
				OBJ_77 /* Sources */,
				OBJ_80 /* Frameworks */,
			);
			buildRules = (
			);
			dependencies = (
				OBJ_82 /* PBXTargetDependency */,
			);
			name = SwiftCBORTests;
			productName = SwiftCBORTests;
			productReference = "SwiftCBOR::SwiftCBORTests::Product" /* SwiftCBORTests.xctest */;
			productType = "com.apple.product-type.bundle.unit-test";
		};
		"SwiftCBOR::SwiftPMPackageDescription" /* SwiftCBORPackageDescription */ = {
			isa = PBXNativeTarget;
			buildConfigurationList = OBJ_63 /* Build configuration list for PBXNativeTarget "SwiftCBORPackageDescription" */;
			buildPhases = (
				OBJ_66 /* Sources */,
			);
			buildRules = (
			);
			dependencies = (
			);
			name = SwiftCBORPackageDescription;
			productName = SwiftCBORPackageDescription;
			productType = "com.apple.product-type.framework";
		};
/* End PBXNativeTarget section */

/* Begin PBXProject section */
		OBJ_1 /* Project object */ = {
			isa = PBXProject;
			attributes = {
				LastSwiftMigration = 9999;
				LastUpgradeCheck = 9999;
			};
			buildConfigurationList = OBJ_2 /* Build configuration list for PBXProject "SwiftCBOR" */;
			compatibilityVersion = "Xcode 3.2";
			developmentRegion = English;
			hasScannedForEncodings = 0;
			knownRegions = (
				English,
				en,
			);
			mainGroup = OBJ_5 /*  */;
			productRefGroup = OBJ_33 /* Products */;
			projectDirPath = "";
			projectRoot = "";
			targets = (
				"SwiftCBOR::SwiftCBOR" /* SwiftCBOR */,
				"SwiftCBOR::SwiftPMPackageDescription" /* SwiftCBORPackageDescription */,
				"SwiftCBOR::SwiftCBORPackageTests::ProductTarget" /* SwiftCBORPackageTests */,
				"SwiftCBOR::SwiftCBORTests" /* SwiftCBORTests */,
			);
		};
/* End PBXProject section */

/* Begin PBXSourcesBuildPhase section */
		OBJ_44 /* Sources */ = {
			isa = PBXSourcesBuildPhase;
			buildActionMask = 0;
			files = (
				OBJ_45 /* AnyCodingKey.swift in Sources */,
				OBJ_46 /* CBOR.swift in Sources */,
				OBJ_47 /* CBORDecoder.swift in Sources */,
				OBJ_48 /* CBOREncodable.swift in Sources */,
				OBJ_49 /* CBOREncoder.swift in Sources */,
				OBJ_50 /* CBORInputStream.swift in Sources */,
				OBJ_51 /* KeyedDecodingContainer.swift in Sources */,
				OBJ_52 /* CodableCBORDecoder.swift in Sources */,
				OBJ_53 /* SingleValueDecodingContainer.swift in Sources */,
				OBJ_54 /* UnkeyedDecodingContainer.swift in Sources */,
				OBJ_55 /* KeyedEncodingContainer.swift in Sources */,
				OBJ_56 /* CodableCBOREncoder.swift in Sources */,
				OBJ_57 /* SingleValueEncodingContainer.swift in Sources */,
				OBJ_58 /* UnkeyedEncodingContainer.swift in Sources */,
				OBJ_59 /* FixedWidthInteger+Bytes.swift in Sources */,
				OBJ_60 /* Util.swift in Sources */,
			);
			runOnlyForDeploymentPostprocessing = 0;
		};
		OBJ_66 /* Sources */ = {
			isa = PBXSourcesBuildPhase;
			buildActionMask = 0;
			files = (
				OBJ_67 /* Package.swift in Sources */,
			);
			runOnlyForDeploymentPostprocessing = 0;
		};
		OBJ_77 /* Sources */ = {
			isa = PBXSourcesBuildPhase;
			buildActionMask = 0;
			files = (
				OBJ_78 /* CBORDecoderTests.swift in Sources */,
				OBJ_79 /* CBOREncoderTests.swift in Sources */,
				376AD1E0225D0180008B63CE /* CodableCBORDecoderTests.swift in Sources */,
				376AD1E2225D0194008B63CE /* CodableCBOREncoderTests.swift in Sources */,
				376AD1E4225D03C5008B63CE /* CBORCodableRoundtripTests.swift in Sources */,
			);
			runOnlyForDeploymentPostprocessing = 0;
		};
/* End PBXSourcesBuildPhase section */

/* Begin PBXTargetDependency section */
		OBJ_72 /* PBXTargetDependency */ = {
			isa = PBXTargetDependency;
			target = "SwiftCBOR::SwiftCBORTests" /* SwiftCBORTests */;
			targetProxy = 376AD1DE225CECC2008B63CE /* PBXContainerItemProxy */;
		};
		OBJ_82 /* PBXTargetDependency */ = {
			isa = PBXTargetDependency;
			target = "SwiftCBOR::SwiftCBOR" /* SwiftCBOR */;
			targetProxy = 376AD1DD225CECC1008B63CE /* PBXContainerItemProxy */;
		};
/* End PBXTargetDependency section */

/* Begin XCBuildConfiguration section */
		OBJ_3 /* Debug */ = {
			isa = XCBuildConfiguration;
			buildSettings = {
				CLANG_ENABLE_OBJC_ARC = YES;
				COMBINE_HIDPI_IMAGES = YES;
				COPY_PHASE_STRIP = NO;
				DEBUG_INFORMATION_FORMAT = dwarf;
				DYLIB_INSTALL_NAME_BASE = "@rpath";
				ENABLE_NS_ASSERTIONS = YES;
				GCC_OPTIMIZATION_LEVEL = 0;
				GCC_PREPROCESSOR_DEFINITIONS = (
					"$(inherited)",
					"SWIFT_PACKAGE=1",
					"DEBUG=1",
				);
				MACOSX_DEPLOYMENT_TARGET = 10.10;
				ONLY_ACTIVE_ARCH = YES;
				OTHER_SWIFT_FLAGS = "-DXcode";
				PRODUCT_NAME = "$(TARGET_NAME)";
				SDKROOT = macosx;
				SUPPORTED_PLATFORMS = "macosx iphoneos iphonesimulator appletvos appletvsimulator watchos watchsimulator";
				SWIFT_ACTIVE_COMPILATION_CONDITIONS = "$(inherited) SWIFT_PACKAGE DEBUG";
				SWIFT_OPTIMIZATION_LEVEL = "-Onone";
				USE_HEADERMAP = NO;
			};
			name = Debug;
		};
		OBJ_4 /* Release */ = {
			isa = XCBuildConfiguration;
			buildSettings = {
				CLANG_ENABLE_OBJC_ARC = YES;
				COMBINE_HIDPI_IMAGES = YES;
				COPY_PHASE_STRIP = YES;
				DEBUG_INFORMATION_FORMAT = "dwarf-with-dsym";
				DYLIB_INSTALL_NAME_BASE = "@rpath";
				GCC_OPTIMIZATION_LEVEL = s;
				GCC_PREPROCESSOR_DEFINITIONS = (
					"$(inherited)",
					"SWIFT_PACKAGE=1",
				);
				MACOSX_DEPLOYMENT_TARGET = 10.10;
				OTHER_SWIFT_FLAGS = "-DXcode";
				PRODUCT_NAME = "$(TARGET_NAME)";
				SDKROOT = macosx;
				SUPPORTED_PLATFORMS = "macosx iphoneos iphonesimulator appletvos appletvsimulator watchos watchsimulator";
				SWIFT_ACTIVE_COMPILATION_CONDITIONS = "$(inherited) SWIFT_PACKAGE";
				SWIFT_OPTIMIZATION_LEVEL = "-Owholemodule";
				USE_HEADERMAP = NO;
			};
			name = Release;
		};
		OBJ_42 /* Debug */ = {
			isa = XCBuildConfiguration;
			buildSettings = {
				ENABLE_TESTABILITY = YES;
				FRAMEWORK_SEARCH_PATHS = (
					"$(inherited)",
					"$(PLATFORM_DIR)/Developer/Library/Frameworks",
				);
				HEADER_SEARCH_PATHS = "$(inherited)";
				INFOPLIST_FILE = SwiftCBOR.xcodeproj/SwiftCBOR_Info.plist;
				IPHONEOS_DEPLOYMENT_TARGET = 8.0;
				LD_RUNPATH_SEARCH_PATHS = "$(inherited) $(TOOLCHAIN_DIR)/usr/lib/swift/macosx";
				MACOSX_DEPLOYMENT_TARGET = 10.10;
				OTHER_CFLAGS = "$(inherited)";
				OTHER_LDFLAGS = "$(inherited)";
				OTHER_SWIFT_FLAGS = "$(inherited)";
				PRODUCT_BUNDLE_IDENTIFIER = SwiftCBOR;
				PRODUCT_MODULE_NAME = "$(TARGET_NAME:c99extidentifier)";
				PRODUCT_NAME = "$(TARGET_NAME:c99extidentifier)";
				SKIP_INSTALL = YES;
				SWIFT_ACTIVE_COMPILATION_CONDITIONS = "$(inherited)";
				SWIFT_VERSION = 5.0;
				TARGET_NAME = SwiftCBOR;
				TVOS_DEPLOYMENT_TARGET = 9.0;
				WATCHOS_DEPLOYMENT_TARGET = 2.0;
			};
			name = Debug;
		};
		OBJ_43 /* Release */ = {
			isa = XCBuildConfiguration;
			buildSettings = {
				ENABLE_TESTABILITY = YES;
				FRAMEWORK_SEARCH_PATHS = (
					"$(inherited)",
					"$(PLATFORM_DIR)/Developer/Library/Frameworks",
				);
				HEADER_SEARCH_PATHS = "$(inherited)";
				INFOPLIST_FILE = SwiftCBOR.xcodeproj/SwiftCBOR_Info.plist;
				IPHONEOS_DEPLOYMENT_TARGET = 8.0;
				LD_RUNPATH_SEARCH_PATHS = "$(inherited) $(TOOLCHAIN_DIR)/usr/lib/swift/macosx";
				MACOSX_DEPLOYMENT_TARGET = 10.10;
				OTHER_CFLAGS = "$(inherited)";
				OTHER_LDFLAGS = "$(inherited)";
				OTHER_SWIFT_FLAGS = "$(inherited)";
				PRODUCT_BUNDLE_IDENTIFIER = SwiftCBOR;
				PRODUCT_MODULE_NAME = "$(TARGET_NAME:c99extidentifier)";
				PRODUCT_NAME = "$(TARGET_NAME:c99extidentifier)";
				SKIP_INSTALL = YES;
				SWIFT_ACTIVE_COMPILATION_CONDITIONS = "$(inherited)";
				SWIFT_VERSION = 5.0;
				TARGET_NAME = SwiftCBOR;
				TVOS_DEPLOYMENT_TARGET = 9.0;
				WATCHOS_DEPLOYMENT_TARGET = 2.0;
			};
			name = Release;
		};
		OBJ_64 /* Debug */ = {
			isa = XCBuildConfiguration;
			buildSettings = {
				LD = /usr/bin/true;
				OTHER_SWIFT_FLAGS = "-swift-version 5 -I $(TOOLCHAIN_DIR)/usr/lib/swift/pm/4_2 -target x86_64-apple-macosx10.10 -sdk /Applications/Xcode.app/Contents/Developer/Platforms/MacOSX.platform/Developer/SDKs/MacOSX10.14.sdk";
				SWIFT_VERSION = 5.0;
			};
			name = Debug;
		};
		OBJ_65 /* Release */ = {
			isa = XCBuildConfiguration;
			buildSettings = {
				LD = /usr/bin/true;
				OTHER_SWIFT_FLAGS = "-swift-version 5 -I $(TOOLCHAIN_DIR)/usr/lib/swift/pm/4_2 -target x86_64-apple-macosx10.10 -sdk /Applications/Xcode.app/Contents/Developer/Platforms/MacOSX.platform/Developer/SDKs/MacOSX10.14.sdk";
				SWIFT_VERSION = 5.0;
			};
			name = Release;
		};
		OBJ_70 /* Debug */ = {
			isa = XCBuildConfiguration;
			buildSettings = {
			};
			name = Debug;
		};
		OBJ_71 /* Release */ = {
			isa = XCBuildConfiguration;
			buildSettings = {
			};
			name = Release;
		};
		OBJ_75 /* Debug */ = {
			isa = XCBuildConfiguration;
			buildSettings = {
				CLANG_ENABLE_MODULES = YES;
				EMBEDDED_CONTENT_CONTAINS_SWIFT = YES;
				FRAMEWORK_SEARCH_PATHS = (
					"$(inherited)",
					"$(PLATFORM_DIR)/Developer/Library/Frameworks",
				);
				HEADER_SEARCH_PATHS = "$(inherited)";
				INFOPLIST_FILE = SwiftCBOR.xcodeproj/SwiftCBORTests_Info.plist;
				IPHONEOS_DEPLOYMENT_TARGET = 8.0;
				LD_RUNPATH_SEARCH_PATHS = "$(inherited) @loader_path/../Frameworks @loader_path/Frameworks";
				MACOSX_DEPLOYMENT_TARGET = 10.10;
				OTHER_CFLAGS = "$(inherited)";
				OTHER_LDFLAGS = "$(inherited)";
				OTHER_SWIFT_FLAGS = "$(inherited)";
				SWIFT_ACTIVE_COMPILATION_CONDITIONS = "$(inherited)";
				SWIFT_VERSION = 5.0;
				TARGET_NAME = SwiftCBORTests;
				TVOS_DEPLOYMENT_TARGET = 9.0;
				WATCHOS_DEPLOYMENT_TARGET = 2.0;
			};
			name = Debug;
		};
		OBJ_76 /* Release */ = {
			isa = XCBuildConfiguration;
			buildSettings = {
				CLANG_ENABLE_MODULES = YES;
				EMBEDDED_CONTENT_CONTAINS_SWIFT = YES;
				FRAMEWORK_SEARCH_PATHS = (
					"$(inherited)",
					"$(PLATFORM_DIR)/Developer/Library/Frameworks",
				);
				HEADER_SEARCH_PATHS = "$(inherited)";
				INFOPLIST_FILE = SwiftCBOR.xcodeproj/SwiftCBORTests_Info.plist;
				IPHONEOS_DEPLOYMENT_TARGET = 8.0;
				LD_RUNPATH_SEARCH_PATHS = "$(inherited) @loader_path/../Frameworks @loader_path/Frameworks";
				MACOSX_DEPLOYMENT_TARGET = 10.10;
				OTHER_CFLAGS = "$(inherited)";
				OTHER_LDFLAGS = "$(inherited)";
				OTHER_SWIFT_FLAGS = "$(inherited)";
				SWIFT_ACTIVE_COMPILATION_CONDITIONS = "$(inherited)";
				SWIFT_VERSION = 5.0;
				TARGET_NAME = SwiftCBORTests;
				TVOS_DEPLOYMENT_TARGET = 9.0;
				WATCHOS_DEPLOYMENT_TARGET = 2.0;
			};
			name = Release;
		};
/* End XCBuildConfiguration section */

/* Begin XCConfigurationList section */
		OBJ_2 /* Build configuration list for PBXProject "SwiftCBOR" */ = {
			isa = XCConfigurationList;
			buildConfigurations = (
				OBJ_3 /* Debug */,
				OBJ_4 /* Release */,
			);
			defaultConfigurationIsVisible = 0;
			defaultConfigurationName = Release;
		};
		OBJ_41 /* Build configuration list for PBXNativeTarget "SwiftCBOR" */ = {
			isa = XCConfigurationList;
			buildConfigurations = (
				OBJ_42 /* Debug */,
				OBJ_43 /* Release */,
			);
			defaultConfigurationIsVisible = 0;
			defaultConfigurationName = Release;
		};
		OBJ_63 /* Build configuration list for PBXNativeTarget "SwiftCBORPackageDescription" */ = {
			isa = XCConfigurationList;
			buildConfigurations = (
				OBJ_64 /* Debug */,
				OBJ_65 /* Release */,
			);
			defaultConfigurationIsVisible = 0;
			defaultConfigurationName = Release;
		};
		OBJ_69 /* Build configuration list for PBXAggregateTarget "SwiftCBORPackageTests" */ = {
			isa = XCConfigurationList;
			buildConfigurations = (
				OBJ_70 /* Debug */,
				OBJ_71 /* Release */,
			);
			defaultConfigurationIsVisible = 0;
			defaultConfigurationName = Release;
		};
		OBJ_74 /* Build configuration list for PBXNativeTarget "SwiftCBORTests" */ = {
			isa = XCConfigurationList;
			buildConfigurations = (
				OBJ_75 /* Debug */,
				OBJ_76 /* Release */,
			);
			defaultConfigurationIsVisible = 0;
			defaultConfigurationName = Release;
		};
/* End XCConfigurationList section */
	};
	rootObject = OBJ_1 /* Project object */;
}
