// !$*UTF8*$!
{
	archiveVersion = 1;
	classes = {
	};
	objectVersion = 46;
	objects = {

/* Begin PBXBuildFile section */
		220643EB1E4DC1DC0008CF01 /* CBOREncoder.swift in Sources */ = {isa = PBXBuildFile; fileRef = 220643EA1E4DC1DC0008CF01 /* CBOREncoder.swift */; };
		223CDDC31E52D2C00019B9CF /* CBOREncodable.swift in Sources */ = {isa = PBXBuildFile; fileRef = 223CDDC21E52D2C00019B9CF /* CBOREncodable.swift */; };
		2281529D1E5174A6003A9EB4 /* CBOREncoderTests.swift in Sources */ = {isa = PBXBuildFile; fileRef = 2281529C1E5174A6003A9EB4 /* CBOREncoderTests.swift */; };
		37CA325C1C048EF400D36B5B /* Util.swift in Sources */ = {isa = PBXBuildFile; fileRef = 37CA325B1C048EF400D36B5B /* Util.swift */; };
		37CA325E1C0648EF00D36B5B /* CBORInputStream.swift in Sources */ = {isa = PBXBuildFile; fileRef = 37CA325D1C0648EF00D36B5B /* CBORInputStream.swift */; };
		37CA32601C07211900D36B5B /* CBOR.swift in Sources */ = {isa = PBXBuildFile; fileRef = 37CA325F1C07211900D36B5B /* CBOR.swift */; };
		37F34C051C0265AE00D36B5B /* SwiftCBOR.h in Headers */ = {isa = PBXBuildFile; fileRef = 37F34C041C0265AE00D36B5B /* SwiftCBOR.h */; settings = {ATTRIBUTES = (Public, ); }; };
		37F34C0C1C0265AE00D36B5B /* SwiftCBOR.framework in Frameworks */ = {isa = PBXBuildFile; fileRef = 37F34C011C0265AD00D36B5B /* SwiftCBOR.framework */; };
		37F34C111C0265AE00D36B5B /* CBORDecoderTests.swift in Sources */ = {isa = PBXBuildFile; fileRef = 37F34C101C0265AE00D36B5B /* CBORDecoderTests.swift */; };
		37F34C1C1C0328B300D36B5B /* CBORDecoder.swift in Sources */ = {isa = PBXBuildFile; fileRef = 37F34C1B1C0328B300D36B5B /* CBORDecoder.swift */; };
/* End PBXBuildFile section */

/* Begin PBXContainerItemProxy section */
		37F34C0D1C0265AE00D36B5B /* PBXContainerItemProxy */ = {
			isa = PBXContainerItemProxy;
			containerPortal = 37F34BF81C0265AD00D36B5B /* Project object */;
			proxyType = 1;
			remoteGlobalIDString = 37F34C001C0265AD00D36B5B;
			remoteInfo = SwiftCBOR;
		};
/* End PBXContainerItemProxy section */

/* Begin PBXFileReference section */
		220643EA1E4DC1DC0008CF01 /* CBOREncoder.swift */ = {isa = PBXFileReference; fileEncoding = 4; lastKnownFileType = sourcecode.swift; path = CBOREncoder.swift; sourceTree = "<group>"; };
		223CDDC21E52D2C00019B9CF /* CBOREncodable.swift */ = {isa = PBXFileReference; fileEncoding = 4; lastKnownFileType = sourcecode.swift; path = CBOREncodable.swift; sourceTree = "<group>"; };
		2281529C1E5174A6003A9EB4 /* CBOREncoderTests.swift */ = {isa = PBXFileReference; fileEncoding = 4; lastKnownFileType = sourcecode.swift; path = CBOREncoderTests.swift; sourceTree = "<group>"; };
		37CA325B1C048EF400D36B5B /* Util.swift */ = {isa = PBXFileReference; fileEncoding = 4; lastKnownFileType = sourcecode.swift; path = Util.swift; sourceTree = "<group>"; };
		37CA325D1C0648EF00D36B5B /* CBORInputStream.swift */ = {isa = PBXFileReference; fileEncoding = 4; lastKnownFileType = sourcecode.swift; path = CBORInputStream.swift; sourceTree = "<group>"; };
		37CA325F1C07211900D36B5B /* CBOR.swift */ = {isa = PBXFileReference; fileEncoding = 4; lastKnownFileType = sourcecode.swift; path = CBOR.swift; sourceTree = "<group>"; };
		37F34C011C0265AD00D36B5B /* SwiftCBOR.framework */ = {isa = PBXFileReference; explicitFileType = wrapper.framework; includeInIndex = 0; path = SwiftCBOR.framework; sourceTree = BUILT_PRODUCTS_DIR; };
		37F34C041C0265AE00D36B5B /* SwiftCBOR.h */ = {isa = PBXFileReference; lastKnownFileType = sourcecode.c.h; path = SwiftCBOR.h; sourceTree = "<group>"; };
		37F34C061C0265AE00D36B5B /* Info.plist */ = {isa = PBXFileReference; lastKnownFileType = text.plist.xml; path = Info.plist; sourceTree = "<group>"; };
		37F34C0B1C0265AE00D36B5B /* SwiftCBORTests.xctest */ = {isa = PBXFileReference; explicitFileType = wrapper.cfbundle; includeInIndex = 0; path = SwiftCBORTests.xctest; sourceTree = BUILT_PRODUCTS_DIR; };
		37F34C101C0265AE00D36B5B /* CBORDecoderTests.swift */ = {isa = PBXFileReference; lastKnownFileType = sourcecode.swift; path = CBORDecoderTests.swift; sourceTree = "<group>"; };
		37F34C121C0265AE00D36B5B /* Info.plist */ = {isa = PBXFileReference; lastKnownFileType = text.plist.xml; path = Info.plist; sourceTree = "<group>"; };
		37F34C1B1C0328B300D36B5B /* CBORDecoder.swift */ = {isa = PBXFileReference; fileEncoding = 4; lastKnownFileType = sourcecode.swift; path = CBORDecoder.swift; sourceTree = "<group>"; };
/* End PBXFileReference section */

/* Begin PBXFrameworksBuildPhase section */
		37F34BFD1C0265AD00D36B5B /* Frameworks */ = {
			isa = PBXFrameworksBuildPhase;
			buildActionMask = 2147483647;
			files = (
			);
			runOnlyForDeploymentPostprocessing = 0;
		};
		37F34C081C0265AE00D36B5B /* Frameworks */ = {
			isa = PBXFrameworksBuildPhase;
			buildActionMask = 2147483647;
			files = (
				37F34C0C1C0265AE00D36B5B /* SwiftCBOR.framework in Frameworks */,
			);
			runOnlyForDeploymentPostprocessing = 0;
		};
/* End PBXFrameworksBuildPhase section */

/* Begin PBXGroup section */
		37F34BF71C0265AD00D36B5B = {
			isa = PBXGroup;
			children = (
				37F34C031C0265AD00D36B5B /* SwiftCBOR */,
				37F34C0F1C0265AE00D36B5B /* SwiftCBORTests */,
				37F34C021C0265AD00D36B5B /* Products */,
			);
			sourceTree = "<group>";
		};
		37F34C021C0265AD00D36B5B /* Products */ = {
			isa = PBXGroup;
			children = (
				37F34C011C0265AD00D36B5B /* SwiftCBOR.framework */,
				37F34C0B1C0265AE00D36B5B /* SwiftCBORTests.xctest */,
			);
			name = Products;
			sourceTree = "<group>";
		};
		37F34C031C0265AD00D36B5B /* SwiftCBOR */ = {
			isa = PBXGroup;
			children = (
				37F34C041C0265AE00D36B5B /* SwiftCBOR.h */,
				37F34C061C0265AE00D36B5B /* Info.plist */,
				37CA325F1C07211900D36B5B /* CBOR.swift */,
				37F34C1B1C0328B300D36B5B /* CBORDecoder.swift */,
				220643EA1E4DC1DC0008CF01 /* CBOREncoder.swift */,
				223CDDC21E52D2C00019B9CF /* CBOREncodable.swift */,
				37CA325B1C048EF400D36B5B /* Util.swift */,
				37CA325D1C0648EF00D36B5B /* CBORInputStream.swift */,
			);
			path = SwiftCBOR;
			sourceTree = "<group>";
		};
		37F34C0F1C0265AE00D36B5B /* SwiftCBORTests */ = {
			isa = PBXGroup;
			children = (
				37F34C101C0265AE00D36B5B /* CBORDecoderTests.swift */,
				2281529C1E5174A6003A9EB4 /* CBOREncoderTests.swift */,
				37F34C121C0265AE00D36B5B /* Info.plist */,
			);
			path = SwiftCBORTests;
			sourceTree = "<group>";
		};
/* End PBXGroup section */

/* Begin PBXHeadersBuildPhase section */
		37F34BFE1C0265AD00D36B5B /* Headers */ = {
			isa = PBXHeadersBuildPhase;
			buildActionMask = 2147483647;
			files = (
				37F34C051C0265AE00D36B5B /* SwiftCBOR.h in Headers */,
			);
			runOnlyForDeploymentPostprocessing = 0;
		};
/* End PBXHeadersBuildPhase section */

/* Begin PBXNativeTarget section */
		37F34C001C0265AD00D36B5B /* SwiftCBOR */ = {
			isa = PBXNativeTarget;
			buildConfigurationList = 37F34C151C0265AE00D36B5B /* Build configuration list for PBXNativeTarget "SwiftCBOR" */;
			buildPhases = (
				37F34BFC1C0265AD00D36B5B /* Sources */,
				37F34BFD1C0265AD00D36B5B /* Frameworks */,
				37F34BFE1C0265AD00D36B5B /* Headers */,
				37F34BFF1C0265AD00D36B5B /* Resources */,
			);
			buildRules = (
			);
			dependencies = (
			);
			name = SwiftCBOR;
			productName = SwiftCBOR;
			productReference = 37F34C011C0265AD00D36B5B /* SwiftCBOR.framework */;
			productType = "com.apple.product-type.framework";
		};
		37F34C0A1C0265AE00D36B5B /* SwiftCBORTests */ = {
			isa = PBXNativeTarget;
			buildConfigurationList = 37F34C181C0265AE00D36B5B /* Build configuration list for PBXNativeTarget "SwiftCBORTests" */;
			buildPhases = (
				37F34C071C0265AE00D36B5B /* Sources */,
				37F34C081C0265AE00D36B5B /* Frameworks */,
				37F34C091C0265AE00D36B5B /* Resources */,
			);
			buildRules = (
			);
			dependencies = (
				37F34C0E1C0265AE00D36B5B /* PBXTargetDependency */,
			);
			name = SwiftCBORTests;
			productName = SwiftCBORTests;
			productReference = 37F34C0B1C0265AE00D36B5B /* SwiftCBORTests.xctest */;
			productType = "com.apple.product-type.bundle.unit-test";
		};
/* End PBXNativeTarget section */

/* Begin PBXProject section */
		37F34BF81C0265AD00D36B5B /* Project object */ = {
			isa = PBXProject;
			attributes = {
				LastSwiftUpdateCheck = 0710;
				LastUpgradeCheck = 0920;
				ORGANIZATIONNAME = unrelenting.technology;
				TargetAttributes = {
					37F34C001C0265AD00D36B5B = {
						CreatedOnToolsVersion = 7.1.1;
						LastSwiftMigration = 0920;
						ProvisioningStyle = Automatic;
					};
					37F34C0A1C0265AE00D36B5B = {
						CreatedOnToolsVersion = 7.1.1;
						LastSwiftMigration = 0920;
					};
				};
			};
			buildConfigurationList = 37F34BFB1C0265AD00D36B5B /* Build configuration list for PBXProject "SwiftCBOR" */;
			compatibilityVersion = "Xcode 3.2";
			developmentRegion = English;
			hasScannedForEncodings = 0;
			knownRegions = (
				en,
			);
			mainGroup = 37F34BF71C0265AD00D36B5B;
			productRefGroup = 37F34C021C0265AD00D36B5B /* Products */;
			projectDirPath = "";
			projectRoot = "";
			targets = (
				37F34C001C0265AD00D36B5B /* SwiftCBOR */,
				37F34C0A1C0265AE00D36B5B /* SwiftCBORTests */,
			);
		};
/* End PBXProject section */

/* Begin PBXResourcesBuildPhase section */
		37F34BFF1C0265AD00D36B5B /* Resources */ = {
			isa = PBXResourcesBuildPhase;
			buildActionMask = 2147483647;
			files = (
			);
			runOnlyForDeploymentPostprocessing = 0;
		};
		37F34C091C0265AE00D36B5B /* Resources */ = {
			isa = PBXResourcesBuildPhase;
			buildActionMask = 2147483647;
			files = (
			);
			runOnlyForDeploymentPostprocessing = 0;
		};
/* End PBXResourcesBuildPhase section */

/* Begin PBXSourcesBuildPhase section */
		37F34BFC1C0265AD00D36B5B /* Sources */ = {
			isa = PBXSourcesBuildPhase;
			buildActionMask = 2147483647;
			files = (
				37F34C1C1C0328B300D36B5B /* CBORDecoder.swift in Sources */,
				223CDDC31E52D2C00019B9CF /* CBOREncodable.swift in Sources */,
				220643EB1E4DC1DC0008CF01 /* CBOREncoder.swift in Sources */,
				37CA325E1C0648EF00D36B5B /* CBORInputStream.swift in Sources */,
				37CA325C1C048EF400D36B5B /* Util.swift in Sources */,
				37CA32601C07211900D36B5B /* CBOR.swift in Sources */,
			);
			runOnlyForDeploymentPostprocessing = 0;
		};
		37F34C071C0265AE00D36B5B /* Sources */ = {
			isa = PBXSourcesBuildPhase;
			buildActionMask = 2147483647;
			files = (
				2281529D1E5174A6003A9EB4 /* CBOREncoderTests.swift in Sources */,
				37F34C111C0265AE00D36B5B /* CBORDecoderTests.swift in Sources */,
			);
			runOnlyForDeploymentPostprocessing = 0;
		};
/* End PBXSourcesBuildPhase section */

/* Begin PBXTargetDependency section */
		37F34C0E1C0265AE00D36B5B /* PBXTargetDependency */ = {
			isa = PBXTargetDependency;
			target = 37F34C001C0265AD00D36B5B /* SwiftCBOR */;
			targetProxy = 37F34C0D1C0265AE00D36B5B /* PBXContainerItemProxy */;
		};
/* End PBXTargetDependency section */

/* Begin XCBuildConfiguration section */
		37F34C131C0265AE00D36B5B /* Debug */ = {
			isa = XCBuildConfiguration;
			buildSettings = {
				ALWAYS_SEARCH_USER_PATHS = NO;
				CLANG_CXX_LANGUAGE_STANDARD = "gnu++0x";
				CLANG_CXX_LIBRARY = "libc++";
				CLANG_ENABLE_MODULES = YES;
				CLANG_ENABLE_OBJC_ARC = YES;
				CLANG_WARN_BLOCK_CAPTURE_AUTORELEASING = YES;
				CLANG_WARN_BOOL_CONVERSION = YES;
				CLANG_WARN_COMMA = YES;
				CLANG_WARN_CONSTANT_CONVERSION = YES;
				CLANG_WARN_DIRECT_OBJC_ISA_USAGE = YES_ERROR;
				CLANG_WARN_EMPTY_BODY = YES;
				CLANG_WARN_ENUM_CONVERSION = YES;
				CLANG_WARN_INFINITE_RECURSION = YES;
				CLANG_WARN_INT_CONVERSION = YES;
				CLANG_WARN_NON_LITERAL_NULL_CONVERSION = YES;
				CLANG_WARN_OBJC_LITERAL_CONVERSION = YES;
				CLANG_WARN_OBJC_ROOT_CLASS = YES_ERROR;
				CLANG_WARN_RANGE_LOOP_ANALYSIS = YES;
				CLANG_WARN_STRICT_PROTOTYPES = YES;
				CLANG_WARN_SUSPICIOUS_MOVE = YES;
				CLANG_WARN_UNREACHABLE_CODE = YES;
				CLANG_WARN__DUPLICATE_METHOD_MATCH = YES;
				CODE_SIGN_IDENTITY = "Mac Developer";
				COPY_PHASE_STRIP = NO;
				CURRENT_PROJECT_VERSION = 1;
				DEBUG_INFORMATION_FORMAT = dwarf;
				ENABLE_STRICT_OBJC_MSGSEND = YES;
				ENABLE_TESTABILITY = YES;
				GCC_C_LANGUAGE_STANDARD = gnu99;
				GCC_DYNAMIC_NO_PIC = NO;
				GCC_NO_COMMON_BLOCKS = YES;
				GCC_OPTIMIZATION_LEVEL = 0;
				GCC_PREPROCESSOR_DEFINITIONS = (
					"DEBUG=1",
					"$(inherited)",
				);
				GCC_WARN_64_TO_32_BIT_CONVERSION = YES;
				GCC_WARN_ABOUT_RETURN_TYPE = YES_ERROR;
				GCC_WARN_UNDECLARED_SELECTOR = YES;
				GCC_WARN_UNINITIALIZED_AUTOS = YES_AGGRESSIVE;
				GCC_WARN_UNUSED_FUNCTION = YES;
				GCC_WARN_UNUSED_VARIABLE = YES;
				MACOSX_DEPLOYMENT_TARGET = 10.9;
				MTL_ENABLE_DEBUG_INFO = YES;
				ONLY_ACTIVE_ARCH = YES;
				SDKROOT = macosx;
				SUPPORTED_PLATFORMS = "macosx iphonesimulator iphoneos";
				SWIFT_OPTIMIZATION_LEVEL = "-Onone";
				VALID_ARCHS = "i386 x86_64 arm64 armv7s armv7";
				VERSIONING_SYSTEM = "apple-generic";
				VERSION_INFO_PREFIX = "";
			};
			name = Debug;
		};
		37F34C141C0265AE00D36B5B /* Release */ = {
			isa = XCBuildConfiguration;
			buildSettings = {
				ALWAYS_SEARCH_USER_PATHS = NO;
				CLANG_CXX_LANGUAGE_STANDARD = "gnu++0x";
				CLANG_CXX_LIBRARY = "libc++";
				CLANG_ENABLE_MODULES = YES;
				CLANG_ENABLE_OBJC_ARC = YES;
				CLANG_WARN_BLOCK_CAPTURE_AUTORELEASING = YES;
				CLANG_WARN_BOOL_CONVERSION = YES;
				CLANG_WARN_COMMA = YES;
				CLANG_WARN_CONSTANT_CONVERSION = YES;
				CLANG_WARN_DIRECT_OBJC_ISA_USAGE = YES_ERROR;
				CLANG_WARN_EMPTY_BODY = YES;
				CLANG_WARN_ENUM_CONVERSION = YES;
				CLANG_WARN_INFINITE_RECURSION = YES;
				CLANG_WARN_INT_CONVERSION = YES;
				CLANG_WARN_NON_LITERAL_NULL_CONVERSION = YES;
				CLANG_WARN_OBJC_LITERAL_CONVERSION = YES;
				CLANG_WARN_OBJC_ROOT_CLASS = YES_ERROR;
				CLANG_WARN_RANGE_LOOP_ANALYSIS = YES;
				CLANG_WARN_STRICT_PROTOTYPES = YES;
				CLANG_WARN_SUSPICIOUS_MOVE = YES;
				CLANG_WARN_UNREACHABLE_CODE = YES;
				CLANG_WARN__DUPLICATE_METHOD_MATCH = YES;
				CODE_SIGN_IDENTITY = "Mac Developer";
				COPY_PHASE_STRIP = NO;
				CURRENT_PROJECT_VERSION = 1;
				DEBUG_INFORMATION_FORMAT = "dwarf-with-dsym";
				ENABLE_NS_ASSERTIONS = NO;
				ENABLE_STRICT_OBJC_MSGSEND = YES;
				GCC_C_LANGUAGE_STANDARD = gnu99;
				GCC_NO_COMMON_BLOCKS = YES;
				GCC_WARN_64_TO_32_BIT_CONVERSION = YES;
				GCC_WARN_ABOUT_RETURN_TYPE = YES_ERROR;
				GCC_WARN_UNDECLARED_SELECTOR = YES;
				GCC_WARN_UNINITIALIZED_AUTOS = YES_AGGRESSIVE;
				GCC_WARN_UNUSED_FUNCTION = YES;
				GCC_WARN_UNUSED_VARIABLE = YES;
				MACOSX_DEPLOYMENT_TARGET = 10.9;
				MTL_ENABLE_DEBUG_INFO = NO;
				SDKROOT = macosx;
				SUPPORTED_PLATFORMS = "macosx iphonesimulator iphoneos";
				SWIFT_OPTIMIZATION_LEVEL = "-Owholemodule";
				VALID_ARCHS = "i386 x86_64 arm64 armv7s armv7";
				VERSIONING_SYSTEM = "apple-generic";
				VERSION_INFO_PREFIX = "";
			};
			name = Release;
		};
		37F34C161C0265AE00D36B5B /* Debug */ = {
			isa = XCBuildConfiguration;
			buildSettings = {
				CLANG_ENABLE_MODULES = YES;
				CODE_SIGN_IDENTITY = "";
				COMBINE_HIDPI_IMAGES = YES;
				DEFINES_MODULE = YES;
				DEVELOPMENT_TEAM = "";
				DYLIB_COMPATIBILITY_VERSION = 1;
				DYLIB_CURRENT_VERSION = 1;
				DYLIB_INSTALL_NAME_BASE = "@rpath";
				FRAMEWORK_VERSION = A;
				INFOPLIST_FILE = SwiftCBOR/Info.plist;
				INSTALL_PATH = "$(LOCAL_LIBRARY_DIR)/Frameworks";
				IPHONEOS_DEPLOYMENT_TARGET = 8.0;
				LD_RUNPATH_SEARCH_PATHS = "$(inherited) @executable_path/../Frameworks @loader_path/Frameworks";
				MACOSX_DEPLOYMENT_TARGET = 10.9;
				PRODUCT_BUNDLE_IDENTIFIER = technology.unrelenting.SwiftCBOR;
				PRODUCT_NAME = "$(TARGET_NAME)";
				SKIP_INSTALL = YES;
				SWIFT_OPTIMIZATION_LEVEL = "-Onone";
				SWIFT_VERSION = 4.0;
			};
			name = Debug;
		};
		37F34C171C0265AE00D36B5B /* Release */ = {
			isa = XCBuildConfiguration;
			buildSettings = {
				CLANG_ENABLE_MODULES = YES;
				CODE_SIGN_IDENTITY = "";
				COMBINE_HIDPI_IMAGES = YES;
				DEFINES_MODULE = YES;
				DEVELOPMENT_TEAM = "";
				DYLIB_COMPATIBILITY_VERSION = 1;
				DYLIB_CURRENT_VERSION = 1;
				DYLIB_INSTALL_NAME_BASE = "@rpath";
				FRAMEWORK_VERSION = A;
				INFOPLIST_FILE = SwiftCBOR/Info.plist;
				INSTALL_PATH = "$(LOCAL_LIBRARY_DIR)/Frameworks";
				IPHONEOS_DEPLOYMENT_TARGET = 8.0;
				LD_RUNPATH_SEARCH_PATHS = "$(inherited) @executable_path/../Frameworks @loader_path/Frameworks";
				MACOSX_DEPLOYMENT_TARGET = 10.9;
				PRODUCT_BUNDLE_IDENTIFIER = technology.unrelenting.SwiftCBOR;
				PRODUCT_NAME = "$(TARGET_NAME)";
				SKIP_INSTALL = YES;
				SWIFT_VERSION = 4.0;
			};
			name = Release;
		};
		37F34C191C0265AE00D36B5B /* Debug */ = {
			isa = XCBuildConfiguration;
			buildSettings = {
				CODE_SIGN_IDENTITY = "";
				COMBINE_HIDPI_IMAGES = YES;
				FRAMEWORK_SEARCH_PATHS = (
					"$(SDKROOT)",
					"$(inherited)",
				);
				INFOPLIST_FILE = SwiftCBORTests/Info.plist;
				LD_RUNPATH_SEARCH_PATHS = "$(inherited) @executable_path/../Frameworks @loader_path/../Frameworks @executable_path/Frameworks @loader_path/Frameworks";
				PRODUCT_BUNDLE_IDENTIFIER = technology.unrelenting.SwiftCBORTests;
				PRODUCT_NAME = "$(TARGET_NAME)";
				SWIFT_VERSION = 4.0;
			};
			name = Debug;
		};
		37F34C1A1C0265AE00D36B5B /* Release */ = {
			isa = XCBuildConfiguration;
			buildSettings = {
				CODE_SIGN_IDENTITY = "";
				COMBINE_HIDPI_IMAGES = YES;
				FRAMEWORK_SEARCH_PATHS = (
					"$(SDKROOT)",
					"$(inherited)",
				);
				INFOPLIST_FILE = SwiftCBORTests/Info.plist;
				LD_RUNPATH_SEARCH_PATHS = "$(inherited) @executable_path/../Frameworks @loader_path/../Frameworks @executable_path/Frameworks @loader_path/Frameworks";
				PRODUCT_BUNDLE_IDENTIFIER = technology.unrelenting.SwiftCBORTests;
				PRODUCT_NAME = "$(TARGET_NAME)";
				SWIFT_VERSION = 4.0;
			};
			name = Release;
		};
/* End XCBuildConfiguration section */

/* Begin XCConfigurationList section */
		37F34BFB1C0265AD00D36B5B /* Build configuration list for PBXProject "SwiftCBOR" */ = {
			isa = XCConfigurationList;
			buildConfigurations = (
				37F34C131C0265AE00D36B5B /* Debug */,
				37F34C141C0265AE00D36B5B /* Release */,
			);
			defaultConfigurationIsVisible = 0;
			defaultConfigurationName = Release;
		};
		37F34C151C0265AE00D36B5B /* Build configuration list for PBXNativeTarget "SwiftCBOR" */ = {
			isa = XCConfigurationList;
			buildConfigurations = (
				37F34C161C0265AE00D36B5B /* Debug */,
				37F34C171C0265AE00D36B5B /* Release */,
			);
			defaultConfigurationIsVisible = 0;
			defaultConfigurationName = Release;
		};
		37F34C181C0265AE00D36B5B /* Build configuration list for PBXNativeTarget "SwiftCBORTests" */ = {
			isa = XCConfigurationList;
			buildConfigurations = (
				37F34C191C0265AE00D36B5B /* Debug */,
				37F34C1A1C0265AE00D36B5B /* Release */,
			);
			defaultConfigurationIsVisible = 0;
			defaultConfigurationName = Release;
		};
/* End XCConfigurationList section */
	};
	rootObject = 37F34BF81C0265AD00D36B5B /* Project object */;
}
