// !$*UTF8*$!
{
	archiveVersion = 1;
	classes = {
	};
	objectVersion = 46;
	objects = {

/* Begin PBXBuildFile section */
		AA18F74022B09CC6009E5808 /* SwiftCBOR.framework in Frameworks */ = {isa = PBXBuildFile; fileRef = AA18F73722B09CC6009E5808 /* SwiftCBOR.framework */; };
		AA18F75E22B09DD1009E5808 /* AnyCodingKey.swift in Sources */ = {isa = PBXBuildFile; fileRef = OBJ_10 /* AnyCodingKey.swift */; };
		AA18F75F22B09DD1009E5808 /* CBOR.swift in Sources */ = {isa = PBXBuildFile; fileRef = OBJ_11 /* CBOR.swift */; };
		AA18F76022B09DD1009E5808 /* CBORDecoder.swift in Sources */ = {isa = PBXBuildFile; fileRef = OBJ_12 /* CBORDecoder.swift */; };
		AA18F76122B09DD1009E5808 /* CBOREncoder.swift in Sources */ = {isa = PBXBuildFile; fileRef = OBJ_13 /* CBOREncoder.swift */; };
		AA18F76222B09DD1009E5808 /* CBORSerialization.swift in Sources */ = {isa = PBXBuildFile; fileRef = OBJ_14 /* CBORSerialization.swift */; };
		AA18F76322B09DD1009E5808 /* CBORStream.swift in Sources */ = {isa = PBXBuildFile; fileRef = OBJ_15 /* CBORStream.swift */; };
		AA18F76422B09DD1009E5808 /* CBORStreamDecoder.swift in Sources */ = {isa = PBXBuildFile; fileRef = OBJ_16 /* CBORStreamDecoder.swift */; };
		AA18F76522B09DD1009E5808 /* CBORStreamEncoder.swift in Sources */ = {isa = PBXBuildFile; fileRef = OBJ_17 /* CBORStreamEncoder.swift */; };
		AA18F76622B09DD1009E5808 /* CodableErrors.swift in Sources */ = {isa = PBXBuildFile; fileRef = OBJ_18 /* CodableErrors.swift */; };
		AA18F76722B09DD1009E5808 /* Half.swift in Sources */ = {isa = PBXBuildFile; fileRef = OBJ_19 /* Half.swift */; };
		AA18F76822B09E45009E5808 /* CBORTests.swift in Sources */ = {isa = PBXBuildFile; fileRef = OBJ_28 /* CBORTests.swift */; };
		AA18F76922B0A6DD009E5808 /* CBORCodableRoundtripTests.swift in Sources */ = {isa = PBXBuildFile; fileRef = OBJ_23 /* CBORCodableRoundtripTests.swift */; };
		AA18F76A22B0A6DD009E5808 /* CBORDecoderTests.swift in Sources */ = {isa = PBXBuildFile; fileRef = OBJ_24 /* CBORDecoderTests.swift */; };
		AA18F76B22B0A6DD009E5808 /* CBOREncoderTests.swift in Sources */ = {isa = PBXBuildFile; fileRef = OBJ_25 /* CBOREncoderTests.swift */; };
		AA18F76C22B0A6DD009E5808 /* CBORStreamDecoderTests.swift in Sources */ = {isa = PBXBuildFile; fileRef = OBJ_26 /* CBORStreamDecoderTests.swift */; };
		AA18F76D22B0A6DD009E5808 /* CBORStreamEncoderTests.swift in Sources */ = {isa = PBXBuildFile; fileRef = OBJ_27 /* CBORStreamEncoderTests.swift */; };
		AADFBA9E22B088EA004EB856 /* SwiftCBOR.framework in Frameworks */ = {isa = PBXBuildFile; fileRef = AADFBA9522B088EA004EB856 /* SwiftCBOR.framework */; };
		AADFBAA522B088EA004EB856 /* SwiftCBOR_iOS.h in Headers */ = {isa = PBXBuildFile; fileRef = AADFBA9722B088EA004EB856 /* SwiftCBOR_iOS.h */; settings = {ATTRIBUTES = (Public, ); }; };
		AADFBABA22B0893F004EB856 /* SwiftCBOR.framework in Frameworks */ = {isa = PBXBuildFile; fileRef = AADFBAB122B0893F004EB856 /* SwiftCBOR.framework */; };
		AADFBAC122B0893F004EB856 /* SwiftCBOR_tvOS.h in Headers */ = {isa = PBXBuildFile; fileRef = AADFBAB322B0893F004EB856 /* SwiftCBOR_tvOS.h */; settings = {ATTRIBUTES = (Public, ); }; };
		AADFBAED22B08A06004EB856 /* SwiftCBOR_watchOS.h in Headers */ = {isa = PBXBuildFile; fileRef = AADFBAEB22B08A06004EB856 /* SwiftCBOR_watchOS.h */; settings = {ATTRIBUTES = (Public, ); }; };
		AADFBAF922B08CE2004EB856 /* AnyCodingKey.swift in Sources */ = {isa = PBXBuildFile; fileRef = OBJ_10 /* AnyCodingKey.swift */; };
		AADFBAFA22B08CE2004EB856 /* CBOR.swift in Sources */ = {isa = PBXBuildFile; fileRef = OBJ_11 /* CBOR.swift */; };
		AADFBAFB22B08CE2004EB856 /* CBORDecoder.swift in Sources */ = {isa = PBXBuildFile; fileRef = OBJ_12 /* CBORDecoder.swift */; };
		AADFBAFC22B08CE2004EB856 /* CBOREncoder.swift in Sources */ = {isa = PBXBuildFile; fileRef = OBJ_13 /* CBOREncoder.swift */; };
		AADFBAFD22B08CE2004EB856 /* CBORSerialization.swift in Sources */ = {isa = PBXBuildFile; fileRef = OBJ_14 /* CBORSerialization.swift */; };
		AADFBAFE22B08CE2004EB856 /* CBORStream.swift in Sources */ = {isa = PBXBuildFile; fileRef = OBJ_15 /* CBORStream.swift */; };
		AADFBAFF22B08CE2004EB856 /* CBORStreamDecoder.swift in Sources */ = {isa = PBXBuildFile; fileRef = OBJ_16 /* CBORStreamDecoder.swift */; };
		AADFBB0022B08CE2004EB856 /* CBORStreamEncoder.swift in Sources */ = {isa = PBXBuildFile; fileRef = OBJ_17 /* CBORStreamEncoder.swift */; };
		AADFBB0122B08CE2004EB856 /* CodableErrors.swift in Sources */ = {isa = PBXBuildFile; fileRef = OBJ_18 /* CodableErrors.swift */; };
		AADFBB0222B08CE2004EB856 /* Half.swift in Sources */ = {isa = PBXBuildFile; fileRef = OBJ_19 /* Half.swift */; };
		AADFBB0322B08CE3004EB856 /* AnyCodingKey.swift in Sources */ = {isa = PBXBuildFile; fileRef = OBJ_10 /* AnyCodingKey.swift */; };
		AADFBB0422B08CE3004EB856 /* CBOR.swift in Sources */ = {isa = PBXBuildFile; fileRef = OBJ_11 /* CBOR.swift */; };
		AADFBB0522B08CE3004EB856 /* CBORDecoder.swift in Sources */ = {isa = PBXBuildFile; fileRef = OBJ_12 /* CBORDecoder.swift */; };
		AADFBB0622B08CE3004EB856 /* CBOREncoder.swift in Sources */ = {isa = PBXBuildFile; fileRef = OBJ_13 /* CBOREncoder.swift */; };
		AADFBB0722B08CE3004EB856 /* CBORSerialization.swift in Sources */ = {isa = PBXBuildFile; fileRef = OBJ_14 /* CBORSerialization.swift */; };
		AADFBB0822B08CE3004EB856 /* CBORStream.swift in Sources */ = {isa = PBXBuildFile; fileRef = OBJ_15 /* CBORStream.swift */; };
		AADFBB0922B08CE3004EB856 /* CBORStreamDecoder.swift in Sources */ = {isa = PBXBuildFile; fileRef = OBJ_16 /* CBORStreamDecoder.swift */; };
		AADFBB0A22B08CE3004EB856 /* CBORStreamEncoder.swift in Sources */ = {isa = PBXBuildFile; fileRef = OBJ_17 /* CBORStreamEncoder.swift */; };
		AADFBB0B22B08CE3004EB856 /* CodableErrors.swift in Sources */ = {isa = PBXBuildFile; fileRef = OBJ_18 /* CodableErrors.swift */; };
		AADFBB0C22B08CE3004EB856 /* Half.swift in Sources */ = {isa = PBXBuildFile; fileRef = OBJ_19 /* Half.swift */; };
		AADFBB1722B08CE6004EB856 /* AnyCodingKey.swift in Sources */ = {isa = PBXBuildFile; fileRef = OBJ_10 /* AnyCodingKey.swift */; };
		AADFBB1822B08CE6004EB856 /* CBOR.swift in Sources */ = {isa = PBXBuildFile; fileRef = OBJ_11 /* CBOR.swift */; };
		AADFBB1922B08CE6004EB856 /* CBORDecoder.swift in Sources */ = {isa = PBXBuildFile; fileRef = OBJ_12 /* CBORDecoder.swift */; };
		AADFBB1A22B08CE6004EB856 /* CBOREncoder.swift in Sources */ = {isa = PBXBuildFile; fileRef = OBJ_13 /* CBOREncoder.swift */; };
		AADFBB1B22B08CE6004EB856 /* CBORSerialization.swift in Sources */ = {isa = PBXBuildFile; fileRef = OBJ_14 /* CBORSerialization.swift */; };
		AADFBB1C22B08CE6004EB856 /* CBORStream.swift in Sources */ = {isa = PBXBuildFile; fileRef = OBJ_15 /* CBORStream.swift */; };
		AADFBB1D22B08CE6004EB856 /* CBORStreamDecoder.swift in Sources */ = {isa = PBXBuildFile; fileRef = OBJ_16 /* CBORStreamDecoder.swift */; };
		AADFBB1E22B08CE6004EB856 /* CBORStreamEncoder.swift in Sources */ = {isa = PBXBuildFile; fileRef = OBJ_17 /* CBORStreamEncoder.swift */; };
		AADFBB1F22B08CE6004EB856 /* CodableErrors.swift in Sources */ = {isa = PBXBuildFile; fileRef = OBJ_18 /* CodableErrors.swift */; };
		AADFBB2022B08CE6004EB856 /* Half.swift in Sources */ = {isa = PBXBuildFile; fileRef = OBJ_19 /* Half.swift */; };
		AADFBB2122B08CF1004EB856 /* CBORCodableRoundtripTests.swift in Sources */ = {isa = PBXBuildFile; fileRef = OBJ_23 /* CBORCodableRoundtripTests.swift */; };
		AADFBB2222B08CF1004EB856 /* CBORDecoderTests.swift in Sources */ = {isa = PBXBuildFile; fileRef = OBJ_24 /* CBORDecoderTests.swift */; };
		AADFBB2322B08CF1004EB856 /* CBOREncoderTests.swift in Sources */ = {isa = PBXBuildFile; fileRef = OBJ_25 /* CBOREncoderTests.swift */; };
		AADFBB2422B08CF1004EB856 /* CBORStreamDecoderTests.swift in Sources */ = {isa = PBXBuildFile; fileRef = OBJ_26 /* CBORStreamDecoderTests.swift */; };
		AADFBB2522B08CF1004EB856 /* CBORStreamEncoderTests.swift in Sources */ = {isa = PBXBuildFile; fileRef = OBJ_27 /* CBORStreamEncoderTests.swift */; };
		AADFBB2622B08CF1004EB856 /* CBORTests.swift in Sources */ = {isa = PBXBuildFile; fileRef = OBJ_28 /* CBORTests.swift */; };
		AADFBB2722B08CF2004EB856 /* CBORCodableRoundtripTests.swift in Sources */ = {isa = PBXBuildFile; fileRef = OBJ_23 /* CBORCodableRoundtripTests.swift */; };
		AADFBB2822B08CF2004EB856 /* CBORDecoderTests.swift in Sources */ = {isa = PBXBuildFile; fileRef = OBJ_24 /* CBORDecoderTests.swift */; };
		AADFBB2922B08CF2004EB856 /* CBOREncoderTests.swift in Sources */ = {isa = PBXBuildFile; fileRef = OBJ_25 /* CBOREncoderTests.swift */; };
		AADFBB2A22B08CF2004EB856 /* CBORStreamDecoderTests.swift in Sources */ = {isa = PBXBuildFile; fileRef = OBJ_26 /* CBORStreamDecoderTests.swift */; };
		AADFBB2B22B08CF2004EB856 /* CBORStreamEncoderTests.swift in Sources */ = {isa = PBXBuildFile; fileRef = OBJ_27 /* CBORStreamEncoderTests.swift */; };
		AADFBB2C22B08CF2004EB856 /* CBORTests.swift in Sources */ = {isa = PBXBuildFile; fileRef = OBJ_28 /* CBORTests.swift */; };
/* End PBXBuildFile section */

/* Begin PBXContainerItemProxy section */
		AA18F74122B09CC6009E5808 /* PBXContainerItemProxy */ = {
			isa = PBXContainerItemProxy;
			containerPortal = OBJ_1 /* Project object */;
			proxyType = 1;
			remoteGlobalIDString = AA18F73622B09CC6009E5808;
			remoteInfo = "SwiftCBOR-macOS";
		};
		AADFBA9F22B088EA004EB856 /* PBXContainerItemProxy */ = {
			isa = PBXContainerItemProxy;
			containerPortal = OBJ_1 /* Project object */;
			proxyType = 1;
			remoteGlobalIDString = AADFBA9422B088EA004EB856;
			remoteInfo = "SwiftCBOR-iOS";
		};
		AADFBABB22B0893F004EB856 /* PBXContainerItemProxy */ = {
			isa = PBXContainerItemProxy;
			containerPortal = OBJ_1 /* Project object */;
			proxyType = 1;
			remoteGlobalIDString = AADFBAB022B0893F004EB856;
			remoteInfo = "SwiftCBOR-tvOS";
		};
/* End PBXContainerItemProxy section */

/* Begin PBXFileReference section */
		AA18F73722B09CC6009E5808 /* SwiftCBOR.framework */ = {isa = PBXFileReference; explicitFileType = wrapper.framework; includeInIndex = 0; path = SwiftCBOR.framework; sourceTree = BUILT_PRODUCTS_DIR; };
		AA18F73F22B09CC6009E5808 /* SwiftCBOR-macOSTests.xctest */ = {isa = PBXFileReference; explicitFileType = wrapper.cfbundle; includeInIndex = 0; path = "SwiftCBOR-macOSTests.xctest"; sourceTree = BUILT_PRODUCTS_DIR; };
		AA18F76E22B0AB86009E5808 /* SwiftCBOR.xctestplan */ = {isa = PBXFileReference; lastKnownFileType = text; path = SwiftCBOR.xctestplan; sourceTree = "<group>"; };
		AADFBA7B22B08874004EB856 /* SwiftCBOR_macOS.h */ = {isa = PBXFileReference; lastKnownFileType = sourcecode.c.h; path = SwiftCBOR_macOS.h; sourceTree = "<group>"; };
		AADFBA7C22B08874004EB856 /* Info.plist */ = {isa = PBXFileReference; lastKnownFileType = text.plist.xml; path = Info.plist; sourceTree = "<group>"; };
		AADFBA8822B08874004EB856 /* Info.plist */ = {isa = PBXFileReference; lastKnownFileType = text.plist.xml; path = Info.plist; sourceTree = "<group>"; };
		AADFBA9522B088EA004EB856 /* SwiftCBOR.framework */ = {isa = PBXFileReference; explicitFileType = wrapper.framework; includeInIndex = 0; path = SwiftCBOR.framework; sourceTree = BUILT_PRODUCTS_DIR; };
		AADFBA9722B088EA004EB856 /* SwiftCBOR_iOS.h */ = {isa = PBXFileReference; lastKnownFileType = sourcecode.c.h; path = SwiftCBOR_iOS.h; sourceTree = "<group>"; };
		AADFBA9822B088EA004EB856 /* Info.plist */ = {isa = PBXFileReference; lastKnownFileType = text.plist.xml; path = Info.plist; sourceTree = "<group>"; };
		AADFBA9D22B088EA004EB856 /* SwiftCBOR-iOSTests.xctest */ = {isa = PBXFileReference; explicitFileType = wrapper.cfbundle; includeInIndex = 0; path = "SwiftCBOR-iOSTests.xctest"; sourceTree = BUILT_PRODUCTS_DIR; };
		AADFBAA422B088EA004EB856 /* Info.plist */ = {isa = PBXFileReference; lastKnownFileType = text.plist.xml; path = Info.plist; sourceTree = "<group>"; };
		AADFBAB122B0893F004EB856 /* SwiftCBOR.framework */ = {isa = PBXFileReference; explicitFileType = wrapper.framework; includeInIndex = 0; path = SwiftCBOR.framework; sourceTree = BUILT_PRODUCTS_DIR; };
		AADFBAB322B0893F004EB856 /* SwiftCBOR_tvOS.h */ = {isa = PBXFileReference; lastKnownFileType = sourcecode.c.h; path = SwiftCBOR_tvOS.h; sourceTree = "<group>"; };
		AADFBAB422B0893F004EB856 /* Info.plist */ = {isa = PBXFileReference; lastKnownFileType = text.plist.xml; path = Info.plist; sourceTree = "<group>"; };
		AADFBAB922B0893F004EB856 /* SwiftCBOR-tvOSTests.xctest */ = {isa = PBXFileReference; explicitFileType = wrapper.cfbundle; includeInIndex = 0; path = "SwiftCBOR-tvOSTests.xctest"; sourceTree = BUILT_PRODUCTS_DIR; };
		AADFBAC022B0893F004EB856 /* Info.plist */ = {isa = PBXFileReference; lastKnownFileType = text.plist.xml; path = Info.plist; sourceTree = "<group>"; };
		AADFBAE922B08A06004EB856 /* SwiftCBOR.framework */ = {isa = PBXFileReference; explicitFileType = wrapper.framework; includeInIndex = 0; path = SwiftCBOR.framework; sourceTree = BUILT_PRODUCTS_DIR; };
		AADFBAEB22B08A06004EB856 /* SwiftCBOR_watchOS.h */ = {isa = PBXFileReference; lastKnownFileType = sourcecode.c.h; path = SwiftCBOR_watchOS.h; sourceTree = "<group>"; };
		AADFBAEC22B08A06004EB856 /* Info.plist */ = {isa = PBXFileReference; lastKnownFileType = text.plist.xml; path = Info.plist; sourceTree = "<group>"; };
		OBJ_10 /* AnyCodingKey.swift */ = {isa = PBXFileReference; lastKnownFileType = sourcecode.swift; path = AnyCodingKey.swift; sourceTree = "<group>"; };
		OBJ_11 /* CBOR.swift */ = {isa = PBXFileReference; lastKnownFileType = sourcecode.swift; path = CBOR.swift; sourceTree = "<group>"; };
		OBJ_12 /* CBORDecoder.swift */ = {isa = PBXFileReference; lastKnownFileType = sourcecode.swift; path = CBORDecoder.swift; sourceTree = "<group>"; };
		OBJ_13 /* CBOREncoder.swift */ = {isa = PBXFileReference; lastKnownFileType = sourcecode.swift; path = CBOREncoder.swift; sourceTree = "<group>"; };
		OBJ_14 /* CBORSerialization.swift */ = {isa = PBXFileReference; lastKnownFileType = sourcecode.swift; path = CBORSerialization.swift; sourceTree = "<group>"; };
		OBJ_15 /* CBORStream.swift */ = {isa = PBXFileReference; lastKnownFileType = sourcecode.swift; path = CBORStream.swift; sourceTree = "<group>"; };
		OBJ_16 /* CBORStreamDecoder.swift */ = {isa = PBXFileReference; lastKnownFileType = sourcecode.swift; path = CBORStreamDecoder.swift; sourceTree = "<group>"; };
		OBJ_17 /* CBORStreamEncoder.swift */ = {isa = PBXFileReference; lastKnownFileType = sourcecode.swift; path = CBORStreamEncoder.swift; sourceTree = "<group>"; };
		OBJ_18 /* CodableErrors.swift */ = {isa = PBXFileReference; lastKnownFileType = sourcecode.swift; path = CodableErrors.swift; sourceTree = "<group>"; };
		OBJ_19 /* Half.swift */ = {isa = PBXFileReference; lastKnownFileType = sourcecode.swift; path = Half.swift; sourceTree = "<group>"; };
		OBJ_22 /* Info.plist */ = {isa = PBXFileReference; lastKnownFileType = text.plist.xml; path = Info.plist; sourceTree = "<group>"; };
		OBJ_23 /* CBORCodableRoundtripTests.swift */ = {isa = PBXFileReference; lastKnownFileType = sourcecode.swift; path = CBORCodableRoundtripTests.swift; sourceTree = "<group>"; };
		OBJ_24 /* CBORDecoderTests.swift */ = {isa = PBXFileReference; lastKnownFileType = sourcecode.swift; path = CBORDecoderTests.swift; sourceTree = "<group>"; };
		OBJ_25 /* CBOREncoderTests.swift */ = {isa = PBXFileReference; lastKnownFileType = sourcecode.swift; path = CBOREncoderTests.swift; sourceTree = "<group>"; };
		OBJ_26 /* CBORStreamDecoderTests.swift */ = {isa = PBXFileReference; lastKnownFileType = sourcecode.swift; path = CBORStreamDecoderTests.swift; sourceTree = "<group>"; };
		OBJ_27 /* CBORStreamEncoderTests.swift */ = {isa = PBXFileReference; lastKnownFileType = sourcecode.swift; path = CBORStreamEncoderTests.swift; sourceTree = "<group>"; };
		OBJ_28 /* CBORTests.swift */ = {isa = PBXFileReference; lastKnownFileType = sourcecode.swift; path = CBORTests.swift; sourceTree = "<group>"; };
		OBJ_32 /* CODE_OF_CONDUCT.md */ = {isa = PBXFileReference; lastKnownFileType = net.daringfireball.markdown; path = CODE_OF_CONDUCT.md; sourceTree = "<group>"; };
		OBJ_33 /* SwiftCBOR.podspec */ = {isa = PBXFileReference; lastKnownFileType = text; path = SwiftCBOR.podspec; sourceTree = "<group>"; };
		OBJ_34 /* README.md */ = {isa = PBXFileReference; lastKnownFileType = net.daringfireball.markdown; path = README.md; sourceTree = "<group>"; };
		OBJ_35 /* UNLICENSE */ = {isa = PBXFileReference; lastKnownFileType = text; path = UNLICENSE; sourceTree = "<group>"; };
		OBJ_6 /* Package.swift */ = {isa = PBXFileReference; explicitFileType = sourcecode.swift; path = Package.swift; sourceTree = "<group>"; };
		OBJ_9 /* Info.plist */ = {isa = PBXFileReference; lastKnownFileType = text.plist.xml; path = Info.plist; sourceTree = "<group>"; };
/* End PBXFileReference section */

/* Begin PBXFrameworksBuildPhase section */
		AA18F73422B09CC6009E5808 /* Frameworks */ = {
			isa = PBXFrameworksBuildPhase;
			buildActionMask = 2147483647;
			files = (
			);
			runOnlyForDeploymentPostprocessing = 0;
		};
		AA18F73C22B09CC6009E5808 /* Frameworks */ = {
			isa = PBXFrameworksBuildPhase;
			buildActionMask = 2147483647;
			files = (
				AA18F74022B09CC6009E5808 /* SwiftCBOR.framework in Frameworks */,
			);
			runOnlyForDeploymentPostprocessing = 0;
		};
		AADFBA9222B088EA004EB856 /* Frameworks */ = {
			isa = PBXFrameworksBuildPhase;
			buildActionMask = 2147483647;
			files = (
			);
			runOnlyForDeploymentPostprocessing = 0;
		};
		AADFBA9A22B088EA004EB856 /* Frameworks */ = {
			isa = PBXFrameworksBuildPhase;
			buildActionMask = 2147483647;
			files = (
				AADFBA9E22B088EA004EB856 /* SwiftCBOR.framework in Frameworks */,
			);
			runOnlyForDeploymentPostprocessing = 0;
		};
		AADFBAAE22B0893F004EB856 /* Frameworks */ = {
			isa = PBXFrameworksBuildPhase;
			buildActionMask = 2147483647;
			files = (
			);
			runOnlyForDeploymentPostprocessing = 0;
		};
		AADFBAB622B0893F004EB856 /* Frameworks */ = {
			isa = PBXFrameworksBuildPhase;
			buildActionMask = 2147483647;
			files = (
				AADFBABA22B0893F004EB856 /* SwiftCBOR.framework in Frameworks */,
			);
			runOnlyForDeploymentPostprocessing = 0;
		};
		AADFBAE622B08A06004EB856 /* Frameworks */ = {
			isa = PBXFrameworksBuildPhase;
			buildActionMask = 2147483647;
			files = (
			);
			runOnlyForDeploymentPostprocessing = 0;
		};
/* End PBXFrameworksBuildPhase section */

/* Begin PBXGroup section */
		AADFBAF122B08B38004EB856 /* iOS */ = {
			isa = PBXGroup;
			children = (
				AADFBA9722B088EA004EB856 /* SwiftCBOR_iOS.h */,
				AADFBA9822B088EA004EB856 /* Info.plist */,
			);
			path = iOS;
			sourceTree = "<group>";
		};
		AADFBAF222B08B3F004EB856 /* macOS */ = {
			isa = PBXGroup;
			children = (
				AADFBA7B22B08874004EB856 /* SwiftCBOR_macOS.h */,
				AADFBA7C22B08874004EB856 /* Info.plist */,
			);
			path = macOS;
			sourceTree = "<group>";
		};
		AADFBAF322B08B45004EB856 /* watchOS */ = {
			isa = PBXGroup;
			children = (
				AADFBAEB22B08A06004EB856 /* SwiftCBOR_watchOS.h */,
				AADFBAEC22B08A06004EB856 /* Info.plist */,
			);
			path = watchOS;
			sourceTree = "<group>";
		};
		AADFBAF422B08B4D004EB856 /* tvOS */ = {
			isa = PBXGroup;
			children = (
				AADFBAB322B0893F004EB856 /* SwiftCBOR_tvOS.h */,
				AADFBAB422B0893F004EB856 /* Info.plist */,
			);
			path = tvOS;
			sourceTree = "<group>";
		};
		AADFBAF522B08B7D004EB856 /* iOS */ = {
			isa = PBXGroup;
			children = (
				AADFBAA422B088EA004EB856 /* Info.plist */,
			);
			path = iOS;
			sourceTree = "<group>";
		};
		AADFBAF622B08B83004EB856 /* macOS */ = {
			isa = PBXGroup;
			children = (
				AADFBA8822B08874004EB856 /* Info.plist */,
			);
			path = macOS;
			sourceTree = "<group>";
		};
		AADFBAF722B08B9A004EB856 /* tvOS */ = {
			isa = PBXGroup;
			children = (
				AADFBAC022B0893F004EB856 /* Info.plist */,
			);
			path = tvOS;
			sourceTree = "<group>";
		};
		AADFBAF822B08BB5004EB856 /* watchOS */ = {
			isa = PBXGroup;
			children = (
			);
			path = watchOS;
			sourceTree = "<group>";
		};
		OBJ_20 /* Tests */ = {
			isa = PBXGroup;
			children = (
				OBJ_21 /* SwiftCBORTests */,
			);
			name = Tests;
			sourceTree = SOURCE_ROOT;
		};
		OBJ_21 /* SwiftCBORTests */ = {
			isa = PBXGroup;
			children = (
				AADFBAF522B08B7D004EB856 /* iOS */,
				AADFBAF622B08B83004EB856 /* macOS */,
				AADFBAF722B08B9A004EB856 /* tvOS */,
				AADFBAF822B08BB5004EB856 /* watchOS */,
				OBJ_22 /* Info.plist */,
				OBJ_23 /* CBORCodableRoundtripTests.swift */,
				OBJ_24 /* CBORDecoderTests.swift */,
				OBJ_25 /* CBOREncoderTests.swift */,
				OBJ_26 /* CBORStreamDecoderTests.swift */,
				OBJ_27 /* CBORStreamEncoderTests.swift */,
				OBJ_28 /* CBORTests.swift */,
			);
			name = SwiftCBORTests;
			path = Tests/SwiftCBORTests;
			sourceTree = SOURCE_ROOT;
		};
		OBJ_29 /* Products */ = {
			isa = PBXGroup;
			children = (
				AADFBA9522B088EA004EB856 /* SwiftCBOR.framework */,
				AADFBA9D22B088EA004EB856 /* SwiftCBOR-iOSTests.xctest */,
				AADFBAB122B0893F004EB856 /* SwiftCBOR.framework */,
				AADFBAB922B0893F004EB856 /* SwiftCBOR-tvOSTests.xctest */,
				AADFBAE922B08A06004EB856 /* SwiftCBOR.framework */,
				AA18F73722B09CC6009E5808 /* SwiftCBOR.framework */,
				AA18F73F22B09CC6009E5808 /* SwiftCBOR-macOSTests.xctest */,
			);
			name = Products;
			sourceTree = BUILT_PRODUCTS_DIR;
		};
		OBJ_5 = {
			isa = PBXGroup;
			children = (
				AA18F76E22B0AB86009E5808 /* SwiftCBOR.xctestplan */,
				OBJ_6 /* Package.swift */,
				OBJ_7 /* Sources */,
				OBJ_20 /* Tests */,
				OBJ_29 /* Products */,
				OBJ_32 /* CODE_OF_CONDUCT.md */,
				OBJ_33 /* SwiftCBOR.podspec */,
				OBJ_34 /* README.md */,
				OBJ_35 /* UNLICENSE */,
			);
			indentWidth = 4;
			sourceTree = "<group>";
			tabWidth = 4;
		};
		OBJ_7 /* Sources */ = {
			isa = PBXGroup;
			children = (
				OBJ_8 /* SwiftCBOR */,
			);
			name = Sources;
			sourceTree = SOURCE_ROOT;
		};
		OBJ_8 /* SwiftCBOR */ = {
			isa = PBXGroup;
			children = (
				AADFBAF122B08B38004EB856 /* iOS */,
				AADFBAF222B08B3F004EB856 /* macOS */,
				AADFBAF422B08B4D004EB856 /* tvOS */,
				AADFBAF322B08B45004EB856 /* watchOS */,
				OBJ_9 /* Info.plist */,
				OBJ_11 /* CBOR.swift */,
				OBJ_12 /* CBORDecoder.swift */,
				OBJ_13 /* CBOREncoder.swift */,
				OBJ_10 /* AnyCodingKey.swift */,
				OBJ_14 /* CBORSerialization.swift */,
				OBJ_15 /* CBORStream.swift */,
				OBJ_16 /* CBORStreamDecoder.swift */,
				OBJ_17 /* CBORStreamEncoder.swift */,
				OBJ_18 /* CodableErrors.swift */,
				OBJ_19 /* Half.swift */,
			);
			name = SwiftCBOR;
			path = Sources/SwiftCBOR;
			sourceTree = SOURCE_ROOT;
		};
/* End PBXGroup section */

/* Begin PBXHeadersBuildPhase section */
		AA18F73222B09CC6009E5808 /* Headers */ = {
			isa = PBXHeadersBuildPhase;
			buildActionMask = 2147483647;
			files = (
			);
			runOnlyForDeploymentPostprocessing = 0;
		};
		AADFBA9022B088EA004EB856 /* Headers */ = {
			isa = PBXHeadersBuildPhase;
			buildActionMask = 2147483647;
			files = (
				AADFBAA522B088EA004EB856 /* SwiftCBOR_iOS.h in Headers */,
			);
			runOnlyForDeploymentPostprocessing = 0;
		};
		AADFBAAC22B0893F004EB856 /* Headers */ = {
			isa = PBXHeadersBuildPhase;
			buildActionMask = 2147483647;
			files = (
				AADFBAC122B0893F004EB856 /* SwiftCBOR_tvOS.h in Headers */,
			);
			runOnlyForDeploymentPostprocessing = 0;
		};
		AADFBAE422B08A06004EB856 /* Headers */ = {
			isa = PBXHeadersBuildPhase;
			buildActionMask = 2147483647;
			files = (
				AADFBAED22B08A06004EB856 /* SwiftCBOR_watchOS.h in Headers */,
			);
			runOnlyForDeploymentPostprocessing = 0;
		};
/* End PBXHeadersBuildPhase section */

/* Begin PBXNativeTarget section */
		AA18F73622B09CC6009E5808 /* SwiftCBOR-macOS */ = {
			isa = PBXNativeTarget;
			buildConfigurationList = AA18F74822B09CC6009E5808 /* Build configuration list for PBXNativeTarget "SwiftCBOR-macOS" */;
			buildPhases = (
				AA18F73222B09CC6009E5808 /* Headers */,
				AA18F73322B09CC6009E5808 /* Sources */,
				AA18F73422B09CC6009E5808 /* Frameworks */,
				AA18F73522B09CC6009E5808 /* Resources */,
			);
			buildRules = (
			);
			dependencies = (
			);
			name = "SwiftCBOR-macOS";
			productName = "SwiftCBOR-macOS";
			productReference = AA18F73722B09CC6009E5808 /* SwiftCBOR.framework */;
			productType = "com.apple.product-type.framework";
		};
		AA18F73E22B09CC6009E5808 /* SwiftCBOR-macOSTests */ = {
			isa = PBXNativeTarget;
			buildConfigurationList = AA18F74B22B09CC6009E5808 /* Build configuration list for PBXNativeTarget "SwiftCBOR-macOSTests" */;
			buildPhases = (
				AA18F73B22B09CC6009E5808 /* Sources */,
				AA18F73C22B09CC6009E5808 /* Frameworks */,
				AA18F73D22B09CC6009E5808 /* Resources */,
			);
			buildRules = (
			);
			dependencies = (
				AA18F74222B09CC6009E5808 /* PBXTargetDependency */,
			);
			name = "SwiftCBOR-macOSTests";
			productName = "SwiftCBOR-macOSTests";
			productReference = AA18F73F22B09CC6009E5808 /* SwiftCBOR-macOSTests.xctest */;
			productType = "com.apple.product-type.bundle.unit-test";
		};
		AADFBA9422B088EA004EB856 /* SwiftCBOR-iOS */ = {
			isa = PBXNativeTarget;
			buildConfigurationList = AADFBAA622B088EA004EB856 /* Build configuration list for PBXNativeTarget "SwiftCBOR-iOS" */;
			buildPhases = (
				AADFBA9022B088EA004EB856 /* Headers */,
				AADFBA9122B088EA004EB856 /* Sources */,
				AADFBA9222B088EA004EB856 /* Frameworks */,
				AADFBA9322B088EA004EB856 /* Resources */,
			);
			buildRules = (
			);
			dependencies = (
			);
			name = "SwiftCBOR-iOS";
			productName = "SwiftCBOR-iOS";
			productReference = AADFBA9522B088EA004EB856 /* SwiftCBOR.framework */;
			productType = "com.apple.product-type.framework";
		};
		AADFBA9C22B088EA004EB856 /* SwiftCBOR-iOSTests */ = {
			isa = PBXNativeTarget;
			buildConfigurationList = AADFBAA922B088EA004EB856 /* Build configuration list for PBXNativeTarget "SwiftCBOR-iOSTests" */;
			buildPhases = (
				AADFBA9922B088EA004EB856 /* Sources */,
				AADFBA9A22B088EA004EB856 /* Frameworks */,
				AADFBA9B22B088EA004EB856 /* Resources */,
			);
			buildRules = (
			);
			dependencies = (
				AADFBAA022B088EA004EB856 /* PBXTargetDependency */,
			);
			name = "SwiftCBOR-iOSTests";
			productName = "SwiftCBOR-iOSTests";
			productReference = AADFBA9D22B088EA004EB856 /* SwiftCBOR-iOSTests.xctest */;
			productType = "com.apple.product-type.bundle.unit-test";
		};
		AADFBAB022B0893F004EB856 /* SwiftCBOR-tvOS */ = {
			isa = PBXNativeTarget;
			buildConfigurationList = AADFBAC222B0893F004EB856 /* Build configuration list for PBXNativeTarget "SwiftCBOR-tvOS" */;
			buildPhases = (
				AADFBAAC22B0893F004EB856 /* Headers */,
				AADFBAAD22B0893F004EB856 /* Sources */,
				AADFBAAE22B0893F004EB856 /* Frameworks */,
				AADFBAAF22B0893F004EB856 /* Resources */,
			);
			buildRules = (
			);
			dependencies = (
			);
			name = "SwiftCBOR-tvOS";
			productName = "SwiftCBOR-tvOS";
			productReference = AADFBAB122B0893F004EB856 /* SwiftCBOR.framework */;
			productType = "com.apple.product-type.framework";
		};
		AADFBAB822B0893F004EB856 /* SwiftCBOR-tvOSTests */ = {
			isa = PBXNativeTarget;
			buildConfigurationList = AADFBAC522B0893F004EB856 /* Build configuration list for PBXNativeTarget "SwiftCBOR-tvOSTests" */;
			buildPhases = (
				AADFBAB522B0893F004EB856 /* Sources */,
				AADFBAB622B0893F004EB856 /* Frameworks */,
				AADFBAB722B0893F004EB856 /* Resources */,
			);
			buildRules = (
			);
			dependencies = (
				AADFBABC22B0893F004EB856 /* PBXTargetDependency */,
			);
			name = "SwiftCBOR-tvOSTests";
			productName = "SwiftCBOR-tvOSTests";
			productReference = AADFBAB922B0893F004EB856 /* SwiftCBOR-tvOSTests.xctest */;
			productType = "com.apple.product-type.bundle.unit-test";
		};
		AADFBAE822B08A06004EB856 /* SwiftCBOR-watchOS */ = {
			isa = PBXNativeTarget;
			buildConfigurationList = AADFBAEE22B08A06004EB856 /* Build configuration list for PBXNativeTarget "SwiftCBOR-watchOS" */;
			buildPhases = (
				AADFBAE422B08A06004EB856 /* Headers */,
				AADFBAE522B08A06004EB856 /* Sources */,
				AADFBAE622B08A06004EB856 /* Frameworks */,
				AADFBAE722B08A06004EB856 /* Resources */,
			);
			buildRules = (
			);
			dependencies = (
			);
			name = "SwiftCBOR-watchOS";
			productName = "SwiftCBOR-watchOS";
			productReference = AADFBAE922B08A06004EB856 /* SwiftCBOR.framework */;
			productType = "com.apple.product-type.framework";
		};
/* End PBXNativeTarget section */

/* Begin PBXProject section */
		OBJ_1 /* Project object */ = {
			isa = PBXProject;
			attributes = {
				LastSwiftMigration = 9999;
				LastSwiftUpdateCheck = 1100;
				LastUpgradeCheck = 9999;
				TargetAttributes = {
					AA18F73622B09CC6009E5808 = {
						CreatedOnToolsVersion = 11.0;
						ProvisioningStyle = Automatic;
					};
					AA18F73E22B09CC6009E5808 = {
						CreatedOnToolsVersion = 11.0;
						ProvisioningStyle = Automatic;
					};
					AADFBA9422B088EA004EB856 = {
						CreatedOnToolsVersion = 11.0;
						ProvisioningStyle = Automatic;
					};
					AADFBA9C22B088EA004EB856 = {
						CreatedOnToolsVersion = 11.0;
						ProvisioningStyle = Automatic;
					};
					AADFBAB022B0893F004EB856 = {
						CreatedOnToolsVersion = 11.0;
						ProvisioningStyle = Automatic;
					};
					AADFBAB822B0893F004EB856 = {
						CreatedOnToolsVersion = 11.0;
						ProvisioningStyle = Automatic;
					};
					AADFBAE822B08A06004EB856 = {
						CreatedOnToolsVersion = 11.0;
						ProvisioningStyle = Automatic;
					};
				};
			};
			buildConfigurationList = OBJ_2 /* Build configuration list for PBXProject "SwiftCBOR" */;
			compatibilityVersion = "Xcode 3.2";
			developmentRegion = en;
			hasScannedForEncodings = 0;
			knownRegions = (
				en,
			);
			mainGroup = OBJ_5;
			productRefGroup = OBJ_29 /* Products */;
			projectDirPath = "";
			projectRoot = "";
			targets = (
				AADFBA9422B088EA004EB856 /* SwiftCBOR-iOS */,
				AADFBA9C22B088EA004EB856 /* SwiftCBOR-iOSTests */,
				AA18F73622B09CC6009E5808 /* SwiftCBOR-macOS */,
				AA18F73E22B09CC6009E5808 /* SwiftCBOR-macOSTests */,
				AADFBAB022B0893F004EB856 /* SwiftCBOR-tvOS */,
				AADFBAB822B0893F004EB856 /* SwiftCBOR-tvOSTests */,
				AADFBAE822B08A06004EB856 /* SwiftCBOR-watchOS */,
			);
		};
/* End PBXProject section */

/* Begin PBXResourcesBuildPhase section */
		AA18F73522B09CC6009E5808 /* Resources */ = {
			isa = PBXResourcesBuildPhase;
			buildActionMask = 2147483647;
			files = (
			);
			runOnlyForDeploymentPostprocessing = 0;
		};
		AA18F73D22B09CC6009E5808 /* Resources */ = {
			isa = PBXResourcesBuildPhase;
			buildActionMask = 2147483647;
			files = (
			);
			runOnlyForDeploymentPostprocessing = 0;
		};
		AADFBA9322B088EA004EB856 /* Resources */ = {
			isa = PBXResourcesBuildPhase;
			buildActionMask = 2147483647;
			files = (
			);
			runOnlyForDeploymentPostprocessing = 0;
		};
		AADFBA9B22B088EA004EB856 /* Resources */ = {
			isa = PBXResourcesBuildPhase;
			buildActionMask = 2147483647;
			files = (
			);
			runOnlyForDeploymentPostprocessing = 0;
		};
		AADFBAAF22B0893F004EB856 /* Resources */ = {
			isa = PBXResourcesBuildPhase;
			buildActionMask = 2147483647;
			files = (
			);
			runOnlyForDeploymentPostprocessing = 0;
		};
		AADFBAB722B0893F004EB856 /* Resources */ = {
			isa = PBXResourcesBuildPhase;
			buildActionMask = 2147483647;
			files = (
			);
			runOnlyForDeploymentPostprocessing = 0;
		};
		AADFBAE722B08A06004EB856 /* Resources */ = {
			isa = PBXResourcesBuildPhase;
			buildActionMask = 2147483647;
			files = (
			);
			runOnlyForDeploymentPostprocessing = 0;
		};
/* End PBXResourcesBuildPhase section */

/* Begin PBXSourcesBuildPhase section */
		AA18F73322B09CC6009E5808 /* Sources */ = {
			isa = PBXSourcesBuildPhase;
			buildActionMask = 2147483647;
			files = (
				AA18F76022B09DD1009E5808 /* CBORDecoder.swift in Sources */,
				AA18F76322B09DD1009E5808 /* CBORStream.swift in Sources */,
				AA18F75E22B09DD1009E5808 /* AnyCodingKey.swift in Sources */,
				AA18F76122B09DD1009E5808 /* CBOREncoder.swift in Sources */,
				AA18F76522B09DD1009E5808 /* CBORStreamEncoder.swift in Sources */,
				AA18F76622B09DD1009E5808 /* CodableErrors.swift in Sources */,
				AA18F76722B09DD1009E5808 /* Half.swift in Sources */,
				AA18F76222B09DD1009E5808 /* CBORSerialization.swift in Sources */,
				AA18F76422B09DD1009E5808 /* CBORStreamDecoder.swift in Sources */,
				AA18F75F22B09DD1009E5808 /* CBOR.swift in Sources */,
			);
			runOnlyForDeploymentPostprocessing = 0;
		};
		AA18F73B22B09CC6009E5808 /* Sources */ = {
			isa = PBXSourcesBuildPhase;
			buildActionMask = 2147483647;
			files = (
				AA18F76922B0A6DD009E5808 /* CBORCodableRoundtripTests.swift in Sources */,
				AA18F76A22B0A6DD009E5808 /* CBORDecoderTests.swift in Sources */,
				AA18F76D22B0A6DD009E5808 /* CBORStreamEncoderTests.swift in Sources */,
				AA18F76B22B0A6DD009E5808 /* CBOREncoderTests.swift in Sources */,
				AA18F76822B09E45009E5808 /* CBORTests.swift in Sources */,
				AA18F76C22B0A6DD009E5808 /* CBORStreamDecoderTests.swift in Sources */,
			);
			runOnlyForDeploymentPostprocessing = 0;
		};
		AADFBA9122B088EA004EB856 /* Sources */ = {
			isa = PBXSourcesBuildPhase;
			buildActionMask = 2147483647;
			files = (
				AADFBAFB22B08CE2004EB856 /* CBORDecoder.swift in Sources */,
				AADFBAFE22B08CE2004EB856 /* CBORStream.swift in Sources */,
				AADFBAF922B08CE2004EB856 /* AnyCodingKey.swift in Sources */,
				AADFBAFC22B08CE2004EB856 /* CBOREncoder.swift in Sources */,
				AADFBB0022B08CE2004EB856 /* CBORStreamEncoder.swift in Sources */,
				AADFBB0122B08CE2004EB856 /* CodableErrors.swift in Sources */,
				AADFBB0222B08CE2004EB856 /* Half.swift in Sources */,
				AADFBAFD22B08CE2004EB856 /* CBORSerialization.swift in Sources */,
				AADFBAFF22B08CE2004EB856 /* CBORStreamDecoder.swift in Sources */,
				AADFBAFA22B08CE2004EB856 /* CBOR.swift in Sources */,
			);
			runOnlyForDeploymentPostprocessing = 0;
		};
		AADFBA9922B088EA004EB856 /* Sources */ = {
			isa = PBXSourcesBuildPhase;
			buildActionMask = 2147483647;
			files = (
				AADFBB2122B08CF1004EB856 /* CBORCodableRoundtripTests.swift in Sources */,
				AADFBB2222B08CF1004EB856 /* CBORDecoderTests.swift in Sources */,
				AADFBB2522B08CF1004EB856 /* CBORStreamEncoderTests.swift in Sources */,
				AADFBB2322B08CF1004EB856 /* CBOREncoderTests.swift in Sources */,
				AADFBB2422B08CF1004EB856 /* CBORStreamDecoderTests.swift in Sources */,
				AADFBB2622B08CF1004EB856 /* CBORTests.swift in Sources */,
			);
			runOnlyForDeploymentPostprocessing = 0;
		};
		AADFBAAD22B0893F004EB856 /* Sources */ = {
			isa = PBXSourcesBuildPhase;
			buildActionMask = 2147483647;
			files = (
				AADFBB0522B08CE3004EB856 /* CBORDecoder.swift in Sources */,
				AADFBB0822B08CE3004EB856 /* CBORStream.swift in Sources */,
				AADFBB0322B08CE3004EB856 /* AnyCodingKey.swift in Sources */,
				AADFBB0622B08CE3004EB856 /* CBOREncoder.swift in Sources */,
				AADFBB0A22B08CE3004EB856 /* CBORStreamEncoder.swift in Sources */,
				AADFBB0B22B08CE3004EB856 /* CodableErrors.swift in Sources */,
				AADFBB0C22B08CE3004EB856 /* Half.swift in Sources */,
				AADFBB0722B08CE3004EB856 /* CBORSerialization.swift in Sources */,
				AADFBB0922B08CE3004EB856 /* CBORStreamDecoder.swift in Sources */,
				AADFBB0422B08CE3004EB856 /* CBOR.swift in Sources */,
			);
			runOnlyForDeploymentPostprocessing = 0;
		};
		AADFBAB522B0893F004EB856 /* Sources */ = {
			isa = PBXSourcesBuildPhase;
			buildActionMask = 2147483647;
			files = (
				AADFBB2722B08CF2004EB856 /* CBORCodableRoundtripTests.swift in Sources */,
				AADFBB2822B08CF2004EB856 /* CBORDecoderTests.swift in Sources */,
				AADFBB2B22B08CF2004EB856 /* CBORStreamEncoderTests.swift in Sources */,
				AADFBB2922B08CF2004EB856 /* CBOREncoderTests.swift in Sources */,
				AADFBB2A22B08CF2004EB856 /* CBORStreamDecoderTests.swift in Sources */,
				AADFBB2C22B08CF2004EB856 /* CBORTests.swift in Sources */,
			);
			runOnlyForDeploymentPostprocessing = 0;
		};
		AADFBAE522B08A06004EB856 /* Sources */ = {
			isa = PBXSourcesBuildPhase;
			buildActionMask = 2147483647;
			files = (
				AADFBB1922B08CE6004EB856 /* CBORDecoder.swift in Sources */,
				AADFBB1C22B08CE6004EB856 /* CBORStream.swift in Sources */,
				AADFBB1722B08CE6004EB856 /* AnyCodingKey.swift in Sources */,
				AADFBB1A22B08CE6004EB856 /* CBOREncoder.swift in Sources */,
				AADFBB1E22B08CE6004EB856 /* CBORStreamEncoder.swift in Sources */,
				AADFBB1F22B08CE6004EB856 /* CodableErrors.swift in Sources */,
				AADFBB2022B08CE6004EB856 /* Half.swift in Sources */,
				AADFBB1B22B08CE6004EB856 /* CBORSerialization.swift in Sources */,
				AADFBB1D22B08CE6004EB856 /* CBORStreamDecoder.swift in Sources */,
				AADFBB1822B08CE6004EB856 /* CBOR.swift in Sources */,
			);
			runOnlyForDeploymentPostprocessing = 0;
		};
/* End PBXSourcesBuildPhase section */

/* Begin PBXTargetDependency section */
		AA18F74222B09CC6009E5808 /* PBXTargetDependency */ = {
			isa = PBXTargetDependency;
			target = AA18F73622B09CC6009E5808 /* SwiftCBOR-macOS */;
			targetProxy = AA18F74122B09CC6009E5808 /* PBXContainerItemProxy */;
		};
		AADFBAA022B088EA004EB856 /* PBXTargetDependency */ = {
			isa = PBXTargetDependency;
			target = AADFBA9422B088EA004EB856 /* SwiftCBOR-iOS */;
			targetProxy = AADFBA9F22B088EA004EB856 /* PBXContainerItemProxy */;
		};
		AADFBABC22B0893F004EB856 /* PBXTargetDependency */ = {
			isa = PBXTargetDependency;
			target = AADFBAB022B0893F004EB856 /* SwiftCBOR-tvOS */;
			targetProxy = AADFBABB22B0893F004EB856 /* PBXContainerItemProxy */;
		};
/* End PBXTargetDependency section */

/* Begin XCBuildConfiguration section */
		AA18F74922B09CC6009E5808 /* Debug */ = {
			isa = XCBuildConfiguration;
			buildSettings = {
				ALWAYS_SEARCH_USER_PATHS = NO;
				CLANG_ANALYZER_NONNULL = YES;
				CLANG_ANALYZER_NUMBER_OBJECT_CONVERSION = YES_AGGRESSIVE;
				CLANG_CXX_LANGUAGE_STANDARD = "gnu++14";
				CLANG_CXX_LIBRARY = "libc++";
				CLANG_ENABLE_MODULES = YES;
				CLANG_ENABLE_OBJC_WEAK = YES;
				CLANG_WARN_BLOCK_CAPTURE_AUTORELEASING = YES;
				CLANG_WARN_BOOL_CONVERSION = YES;
				CLANG_WARN_COMMA = YES;
				CLANG_WARN_CONSTANT_CONVERSION = YES;
				CLANG_WARN_DEPRECATED_OBJC_IMPLEMENTATIONS = YES;
				CLANG_WARN_DIRECT_OBJC_ISA_USAGE = YES_ERROR;
				CLANG_WARN_DOCUMENTATION_COMMENTS = YES;
				CLANG_WARN_EMPTY_BODY = YES;
				CLANG_WARN_ENUM_CONVERSION = YES;
				CLANG_WARN_INFINITE_RECURSION = YES;
				CLANG_WARN_INT_CONVERSION = YES;
				CLANG_WARN_NON_LITERAL_NULL_CONVERSION = YES;
				CLANG_WARN_OBJC_IMPLICIT_RETAIN_SELF = YES;
				CLANG_WARN_OBJC_LITERAL_CONVERSION = YES;
				CLANG_WARN_OBJC_ROOT_CLASS = YES_ERROR;
				CLANG_WARN_RANGE_LOOP_ANALYSIS = YES;
				CLANG_WARN_STRICT_PROTOTYPES = YES;
				CLANG_WARN_SUSPICIOUS_MOVE = YES;
				CLANG_WARN_UNGUARDED_AVAILABILITY = YES_AGGRESSIVE;
				CLANG_WARN_UNREACHABLE_CODE = YES;
				CLANG_WARN__DUPLICATE_METHOD_MATCH = YES;
				CODE_SIGN_STYLE = Automatic;
				COMBINE_HIDPI_IMAGES = YES;
				CURRENT_PROJECT_VERSION = 1;
				DEFINES_MODULE = YES;
				DYLIB_COMPATIBILITY_VERSION = 1;
				DYLIB_CURRENT_VERSION = 1;
				DYLIB_INSTALL_NAME_BASE = "@rpath";
				ENABLE_STRICT_OBJC_MSGSEND = YES;
				ENABLE_TESTABILITY = YES;
				FRAMEWORK_VERSION = A;
				GCC_C_LANGUAGE_STANDARD = gnu11;
				GCC_DYNAMIC_NO_PIC = NO;
				GCC_NO_COMMON_BLOCKS = YES;
				GCC_PREPROCESSOR_DEFINITIONS = (
					"DEBUG=1",
					"$(inherited)",
				);
				GCC_WARN_64_TO_32_BIT_CONVERSION = YES;
				GCC_WARN_ABOUT_RETURN_TYPE = YES_ERROR;
				GCC_WARN_UNDECLARED_SELECTOR = YES;
				GCC_WARN_UNINITIALIZED_AUTOS = YES_AGGRESSIVE;
				GCC_WARN_UNUSED_FUNCTION = YES;
				GCC_WARN_UNUSED_VARIABLE = YES;
				INFOPLIST_FILE = Sources/SwiftCBOR/macOS/Info.plist;
				INSTALL_PATH = "$(LOCAL_LIBRARY_DIR)/Frameworks";
				IPHONEOS_DEPLOYMENT_TARGET = 8.0;
				LD_RUNPATH_SEARCH_PATHS = "$(inherited) @executable_path/../Frameworks @loader_path/Frameworks";
				MACOSX_DEPLOYMENT_TARGET = 10.10;
				MTL_ENABLE_DEBUG_INFO = INCLUDE_SOURCE;
				MTL_FAST_MATH = YES;
				PRODUCT_BUNDLE_IDENTIFIER = SwiftCBOR;
				PRODUCT_NAME = SwiftCBOR;
				SKIP_INSTALL = YES;
				SUPPORTED_PLATFORMS = macosx;
				SWIFT_ACTIVE_COMPILATION_CONDITIONS = DEBUG;
				SWIFT_VERSION = 5.0;
				SYMROOT = "build-macOS";
				TVOS_DEPLOYMENT_TARGET = 9.0;
				VERSIONING_SYSTEM = "apple-generic";
				VERSION_INFO_PREFIX = "";
				WATCHOS_DEPLOYMENT_TARGET = 3.0;
			};
			name = Debug;
		};
		AA18F74A22B09CC6009E5808 /* Release */ = {
			isa = XCBuildConfiguration;
			buildSettings = {
				ALWAYS_SEARCH_USER_PATHS = NO;
				CLANG_ANALYZER_NONNULL = YES;
				CLANG_ANALYZER_NUMBER_OBJECT_CONVERSION = YES_AGGRESSIVE;
				CLANG_CXX_LANGUAGE_STANDARD = "gnu++14";
				CLANG_CXX_LIBRARY = "libc++";
				CLANG_ENABLE_MODULES = YES;
				CLANG_ENABLE_OBJC_WEAK = YES;
				CLANG_WARN_BLOCK_CAPTURE_AUTORELEASING = YES;
				CLANG_WARN_BOOL_CONVERSION = YES;
				CLANG_WARN_COMMA = YES;
				CLANG_WARN_CONSTANT_CONVERSION = YES;
				CLANG_WARN_DEPRECATED_OBJC_IMPLEMENTATIONS = YES;
				CLANG_WARN_DIRECT_OBJC_ISA_USAGE = YES_ERROR;
				CLANG_WARN_DOCUMENTATION_COMMENTS = YES;
				CLANG_WARN_EMPTY_BODY = YES;
				CLANG_WARN_ENUM_CONVERSION = YES;
				CLANG_WARN_INFINITE_RECURSION = YES;
				CLANG_WARN_INT_CONVERSION = YES;
				CLANG_WARN_NON_LITERAL_NULL_CONVERSION = YES;
				CLANG_WARN_OBJC_IMPLICIT_RETAIN_SELF = YES;
				CLANG_WARN_OBJC_LITERAL_CONVERSION = YES;
				CLANG_WARN_OBJC_ROOT_CLASS = YES_ERROR;
				CLANG_WARN_RANGE_LOOP_ANALYSIS = YES;
				CLANG_WARN_STRICT_PROTOTYPES = YES;
				CLANG_WARN_SUSPICIOUS_MOVE = YES;
				CLANG_WARN_UNGUARDED_AVAILABILITY = YES_AGGRESSIVE;
				CLANG_WARN_UNREACHABLE_CODE = YES;
				CLANG_WARN__DUPLICATE_METHOD_MATCH = YES;
				CODE_SIGN_STYLE = Automatic;
				COMBINE_HIDPI_IMAGES = YES;
				COPY_PHASE_STRIP = NO;
				CURRENT_PROJECT_VERSION = 1;
				DEFINES_MODULE = YES;
				DYLIB_COMPATIBILITY_VERSION = 1;
				DYLIB_CURRENT_VERSION = 1;
				DYLIB_INSTALL_NAME_BASE = "@rpath";
				ENABLE_NS_ASSERTIONS = NO;
				ENABLE_STRICT_OBJC_MSGSEND = YES;
				FRAMEWORK_VERSION = A;
				GCC_C_LANGUAGE_STANDARD = gnu11;
				GCC_NO_COMMON_BLOCKS = YES;
				GCC_WARN_64_TO_32_BIT_CONVERSION = YES;
				GCC_WARN_ABOUT_RETURN_TYPE = YES_ERROR;
				GCC_WARN_UNDECLARED_SELECTOR = YES;
				GCC_WARN_UNINITIALIZED_AUTOS = YES_AGGRESSIVE;
				GCC_WARN_UNUSED_FUNCTION = YES;
				GCC_WARN_UNUSED_VARIABLE = YES;
				INFOPLIST_FILE = Sources/SwiftCBOR/macOS/Info.plist;
				INSTALL_PATH = "$(LOCAL_LIBRARY_DIR)/Frameworks";
				IPHONEOS_DEPLOYMENT_TARGET = 8.0;
				LD_RUNPATH_SEARCH_PATHS = "$(inherited) @executable_path/../Frameworks @loader_path/Frameworks";
				MACOSX_DEPLOYMENT_TARGET = 10.10;
				MTL_ENABLE_DEBUG_INFO = NO;
				MTL_FAST_MATH = YES;
				PRODUCT_BUNDLE_IDENTIFIER = SwiftCBOR;
				PRODUCT_NAME = SwiftCBOR;
				SKIP_INSTALL = YES;
				SUPPORTED_PLATFORMS = macosx;
				SWIFT_VERSION = 5.0;
				SYMROOT = "build-macOS";
				TVOS_DEPLOYMENT_TARGET = 9.0;
				VERSIONING_SYSTEM = "apple-generic";
				VERSION_INFO_PREFIX = "";
				WATCHOS_DEPLOYMENT_TARGET = 3.0;
			};
			name = Release;
		};
		AA18F74C22B09CC6009E5808 /* Debug */ = {
			isa = XCBuildConfiguration;
			buildSettings = {
				ALWAYS_EMBED_SWIFT_STANDARD_LIBRARIES = YES;
				ALWAYS_SEARCH_USER_PATHS = NO;
				CLANG_ANALYZER_NONNULL = YES;
				CLANG_ANALYZER_NUMBER_OBJECT_CONVERSION = YES_AGGRESSIVE;
				CLANG_CXX_LANGUAGE_STANDARD = "gnu++14";
				CLANG_CXX_LIBRARY = "libc++";
				CLANG_ENABLE_MODULES = YES;
				CLANG_ENABLE_OBJC_WEAK = YES;
				CLANG_WARN_BLOCK_CAPTURE_AUTORELEASING = YES;
				CLANG_WARN_BOOL_CONVERSION = YES;
				CLANG_WARN_COMMA = YES;
				CLANG_WARN_CONSTANT_CONVERSION = YES;
				CLANG_WARN_DEPRECATED_OBJC_IMPLEMENTATIONS = YES;
				CLANG_WARN_DIRECT_OBJC_ISA_USAGE = YES_ERROR;
				CLANG_WARN_DOCUMENTATION_COMMENTS = YES;
				CLANG_WARN_EMPTY_BODY = YES;
				CLANG_WARN_ENUM_CONVERSION = YES;
				CLANG_WARN_INFINITE_RECURSION = YES;
				CLANG_WARN_INT_CONVERSION = YES;
				CLANG_WARN_NON_LITERAL_NULL_CONVERSION = YES;
				CLANG_WARN_OBJC_IMPLICIT_RETAIN_SELF = YES;
				CLANG_WARN_OBJC_LITERAL_CONVERSION = YES;
				CLANG_WARN_OBJC_ROOT_CLASS = YES_ERROR;
				CLANG_WARN_RANGE_LOOP_ANALYSIS = YES;
				CLANG_WARN_STRICT_PROTOTYPES = YES;
				CLANG_WARN_SUSPICIOUS_MOVE = YES;
				CLANG_WARN_UNGUARDED_AVAILABILITY = YES_AGGRESSIVE;
				CLANG_WARN_UNREACHABLE_CODE = YES;
				CLANG_WARN__DUPLICATE_METHOD_MATCH = YES;
				CODE_SIGN_STYLE = Automatic;
				COMBINE_HIDPI_IMAGES = YES;
				ENABLE_STRICT_OBJC_MSGSEND = YES;
				ENABLE_TESTABILITY = YES;
				GCC_C_LANGUAGE_STANDARD = gnu11;
				GCC_DYNAMIC_NO_PIC = NO;
				GCC_NO_COMMON_BLOCKS = YES;
				GCC_PREPROCESSOR_DEFINITIONS = (
					"DEBUG=1",
					"$(inherited)",
				);
				GCC_WARN_64_TO_32_BIT_CONVERSION = YES;
				GCC_WARN_ABOUT_RETURN_TYPE = YES_ERROR;
				GCC_WARN_UNDECLARED_SELECTOR = YES;
				GCC_WARN_UNINITIALIZED_AUTOS = YES_AGGRESSIVE;
				GCC_WARN_UNUSED_FUNCTION = YES;
				GCC_WARN_UNUSED_VARIABLE = YES;
				INFOPLIST_FILE = Tests/SwiftCBORTests/macOS/Info.plist;
				LD_RUNPATH_SEARCH_PATHS = "$(inherited) @executable_path/../Frameworks @loader_path/../Frameworks";
				MACOSX_DEPLOYMENT_TARGET = 10.10;
				MTL_ENABLE_DEBUG_INFO = INCLUDE_SOURCE;
				MTL_FAST_MATH = YES;
				PRODUCT_BUNDLE_IDENTIFIER = "SwiftCBOR.SwiftCBOR-macOSTests";
				PRODUCT_NAME = "$(TARGET_NAME)";
				SWIFT_ACTIVE_COMPILATION_CONDITIONS = DEBUG;
				SWIFT_VERSION = 5.0;
			};
			name = Debug;
		};
		AA18F74D22B09CC6009E5808 /* Release */ = {
			isa = XCBuildConfiguration;
			buildSettings = {
				ALWAYS_EMBED_SWIFT_STANDARD_LIBRARIES = YES;
				ALWAYS_SEARCH_USER_PATHS = NO;
				CLANG_ANALYZER_NONNULL = YES;
				CLANG_ANALYZER_NUMBER_OBJECT_CONVERSION = YES_AGGRESSIVE;
				CLANG_CXX_LANGUAGE_STANDARD = "gnu++14";
				CLANG_CXX_LIBRARY = "libc++";
				CLANG_ENABLE_MODULES = YES;
				CLANG_ENABLE_OBJC_WEAK = YES;
				CLANG_WARN_BLOCK_CAPTURE_AUTORELEASING = YES;
				CLANG_WARN_BOOL_CONVERSION = YES;
				CLANG_WARN_COMMA = YES;
				CLANG_WARN_CONSTANT_CONVERSION = YES;
				CLANG_WARN_DEPRECATED_OBJC_IMPLEMENTATIONS = YES;
				CLANG_WARN_DIRECT_OBJC_ISA_USAGE = YES_ERROR;
				CLANG_WARN_DOCUMENTATION_COMMENTS = YES;
				CLANG_WARN_EMPTY_BODY = YES;
				CLANG_WARN_ENUM_CONVERSION = YES;
				CLANG_WARN_INFINITE_RECURSION = YES;
				CLANG_WARN_INT_CONVERSION = YES;
				CLANG_WARN_NON_LITERAL_NULL_CONVERSION = YES;
				CLANG_WARN_OBJC_IMPLICIT_RETAIN_SELF = YES;
				CLANG_WARN_OBJC_LITERAL_CONVERSION = YES;
				CLANG_WARN_OBJC_ROOT_CLASS = YES_ERROR;
				CLANG_WARN_RANGE_LOOP_ANALYSIS = YES;
				CLANG_WARN_STRICT_PROTOTYPES = YES;
				CLANG_WARN_SUSPICIOUS_MOVE = YES;
				CLANG_WARN_UNGUARDED_AVAILABILITY = YES_AGGRESSIVE;
				CLANG_WARN_UNREACHABLE_CODE = YES;
				CLANG_WARN__DUPLICATE_METHOD_MATCH = YES;
				CODE_SIGN_STYLE = Automatic;
				COMBINE_HIDPI_IMAGES = YES;
				COPY_PHASE_STRIP = NO;
				ENABLE_NS_ASSERTIONS = NO;
				ENABLE_STRICT_OBJC_MSGSEND = YES;
				GCC_C_LANGUAGE_STANDARD = gnu11;
				GCC_NO_COMMON_BLOCKS = YES;
				GCC_WARN_64_TO_32_BIT_CONVERSION = YES;
				GCC_WARN_ABOUT_RETURN_TYPE = YES_ERROR;
				GCC_WARN_UNDECLARED_SELECTOR = YES;
				GCC_WARN_UNINITIALIZED_AUTOS = YES_AGGRESSIVE;
				GCC_WARN_UNUSED_FUNCTION = YES;
				GCC_WARN_UNUSED_VARIABLE = YES;
				INFOPLIST_FILE = Tests/SwiftCBORTests/macOS/Info.plist;
				LD_RUNPATH_SEARCH_PATHS = "$(inherited) @executable_path/../Frameworks @loader_path/../Frameworks";
				MACOSX_DEPLOYMENT_TARGET = 10.10;
				MTL_ENABLE_DEBUG_INFO = NO;
				MTL_FAST_MATH = YES;
				PRODUCT_BUNDLE_IDENTIFIER = "SwiftCBOR.SwiftCBOR-macOSTests";
				PRODUCT_NAME = "$(TARGET_NAME)";
				SWIFT_VERSION = 5.0;
			};
			name = Release;
		};
		AADFBAA722B088EA004EB856 /* Debug */ = {
			isa = XCBuildConfiguration;
			buildSettings = {
				ALWAYS_SEARCH_USER_PATHS = NO;
				CLANG_ANALYZER_NONNULL = YES;
				CLANG_ANALYZER_NUMBER_OBJECT_CONVERSION = YES_AGGRESSIVE;
				CLANG_CXX_LANGUAGE_STANDARD = "gnu++14";
				CLANG_CXX_LIBRARY = "libc++";
				CLANG_ENABLE_MODULES = YES;
				CLANG_ENABLE_OBJC_WEAK = YES;
				CLANG_WARN_BLOCK_CAPTURE_AUTORELEASING = YES;
				CLANG_WARN_BOOL_CONVERSION = YES;
				CLANG_WARN_COMMA = YES;
				CLANG_WARN_CONSTANT_CONVERSION = YES;
				CLANG_WARN_DEPRECATED_OBJC_IMPLEMENTATIONS = YES;
				CLANG_WARN_DIRECT_OBJC_ISA_USAGE = YES_ERROR;
				CLANG_WARN_DOCUMENTATION_COMMENTS = YES;
				CLANG_WARN_EMPTY_BODY = YES;
				CLANG_WARN_ENUM_CONVERSION = YES;
				CLANG_WARN_INFINITE_RECURSION = YES;
				CLANG_WARN_INT_CONVERSION = YES;
				CLANG_WARN_NON_LITERAL_NULL_CONVERSION = YES;
				CLANG_WARN_OBJC_IMPLICIT_RETAIN_SELF = YES;
				CLANG_WARN_OBJC_LITERAL_CONVERSION = YES;
				CLANG_WARN_OBJC_ROOT_CLASS = YES_ERROR;
				CLANG_WARN_RANGE_LOOP_ANALYSIS = YES;
				CLANG_WARN_STRICT_PROTOTYPES = YES;
				CLANG_WARN_SUSPICIOUS_MOVE = YES;
				CLANG_WARN_UNGUARDED_AVAILABILITY = YES_AGGRESSIVE;
				CLANG_WARN_UNREACHABLE_CODE = YES;
				CLANG_WARN__DUPLICATE_METHOD_MATCH = YES;
				CODE_SIGN_STYLE = Automatic;
				CURRENT_PROJECT_VERSION = 1;
				DEFINES_MODULE = YES;
				DYLIB_COMPATIBILITY_VERSION = 1;
				DYLIB_CURRENT_VERSION = 1;
				DYLIB_INSTALL_NAME_BASE = "@rpath";
				ENABLE_STRICT_OBJC_MSGSEND = YES;
				ENABLE_TESTABILITY = YES;
				GCC_C_LANGUAGE_STANDARD = gnu11;
				GCC_DYNAMIC_NO_PIC = NO;
				GCC_NO_COMMON_BLOCKS = YES;
				GCC_PREPROCESSOR_DEFINITIONS = (
					"DEBUG=1",
					"$(inherited)",
				);
				GCC_WARN_64_TO_32_BIT_CONVERSION = YES;
				GCC_WARN_ABOUT_RETURN_TYPE = YES_ERROR;
				GCC_WARN_UNDECLARED_SELECTOR = YES;
				GCC_WARN_UNINITIALIZED_AUTOS = YES_AGGRESSIVE;
				GCC_WARN_UNUSED_FUNCTION = YES;
				GCC_WARN_UNUSED_VARIABLE = YES;
				INFOPLIST_FILE = Sources/SwiftCBOR/iOS/Info.plist;
				INSTALL_PATH = "$(LOCAL_LIBRARY_DIR)/Frameworks";
				IPHONEOS_DEPLOYMENT_TARGET = 8.0;
				LD_RUNPATH_SEARCH_PATHS = "$(inherited) @executable_path/Frameworks @loader_path/Frameworks";
				MTL_ENABLE_DEBUG_INFO = INCLUDE_SOURCE;
				MTL_FAST_MATH = YES;
				PRODUCT_BUNDLE_IDENTIFIER = SwiftCBOR;
				PRODUCT_NAME = SwiftCBOR;
				SDKROOT = iphoneos;
				SKIP_INSTALL = YES;
				SUPPORTED_PLATFORMS = "iphonesimulator iphoneos";
				SWIFT_ACTIVE_COMPILATION_CONDITIONS = DEBUG;
				SWIFT_VERSION = 5.0;
				SYMROOT = "build-iOS";
				TARGETED_DEVICE_FAMILY = "1,2";
				VERSIONING_SYSTEM = "apple-generic";
				VERSION_INFO_PREFIX = "";
			};
			name = Debug;
		};
		AADFBAA822B088EA004EB856 /* Release */ = {
			isa = XCBuildConfiguration;
			buildSettings = {
				ALWAYS_SEARCH_USER_PATHS = NO;
				CLANG_ANALYZER_NONNULL = YES;
				CLANG_ANALYZER_NUMBER_OBJECT_CONVERSION = YES_AGGRESSIVE;
				CLANG_CXX_LANGUAGE_STANDARD = "gnu++14";
				CLANG_CXX_LIBRARY = "libc++";
				CLANG_ENABLE_MODULES = YES;
				CLANG_ENABLE_OBJC_WEAK = YES;
				CLANG_WARN_BLOCK_CAPTURE_AUTORELEASING = YES;
				CLANG_WARN_BOOL_CONVERSION = YES;
				CLANG_WARN_COMMA = YES;
				CLANG_WARN_CONSTANT_CONVERSION = YES;
				CLANG_WARN_DEPRECATED_OBJC_IMPLEMENTATIONS = YES;
				CLANG_WARN_DIRECT_OBJC_ISA_USAGE = YES_ERROR;
				CLANG_WARN_DOCUMENTATION_COMMENTS = YES;
				CLANG_WARN_EMPTY_BODY = YES;
				CLANG_WARN_ENUM_CONVERSION = YES;
				CLANG_WARN_INFINITE_RECURSION = YES;
				CLANG_WARN_INT_CONVERSION = YES;
				CLANG_WARN_NON_LITERAL_NULL_CONVERSION = YES;
				CLANG_WARN_OBJC_IMPLICIT_RETAIN_SELF = YES;
				CLANG_WARN_OBJC_LITERAL_CONVERSION = YES;
				CLANG_WARN_OBJC_ROOT_CLASS = YES_ERROR;
				CLANG_WARN_RANGE_LOOP_ANALYSIS = YES;
				CLANG_WARN_STRICT_PROTOTYPES = YES;
				CLANG_WARN_SUSPICIOUS_MOVE = YES;
				CLANG_WARN_UNGUARDED_AVAILABILITY = YES_AGGRESSIVE;
				CLANG_WARN_UNREACHABLE_CODE = YES;
				CLANG_WARN__DUPLICATE_METHOD_MATCH = YES;
				CODE_SIGN_STYLE = Automatic;
				COPY_PHASE_STRIP = NO;
				CURRENT_PROJECT_VERSION = 1;
				DEFINES_MODULE = YES;
				DYLIB_COMPATIBILITY_VERSION = 1;
				DYLIB_CURRENT_VERSION = 1;
				DYLIB_INSTALL_NAME_BASE = "@rpath";
				ENABLE_NS_ASSERTIONS = NO;
				ENABLE_STRICT_OBJC_MSGSEND = YES;
				GCC_C_LANGUAGE_STANDARD = gnu11;
				GCC_NO_COMMON_BLOCKS = YES;
				GCC_WARN_64_TO_32_BIT_CONVERSION = YES;
				GCC_WARN_ABOUT_RETURN_TYPE = YES_ERROR;
				GCC_WARN_UNDECLARED_SELECTOR = YES;
				GCC_WARN_UNINITIALIZED_AUTOS = YES_AGGRESSIVE;
				GCC_WARN_UNUSED_FUNCTION = YES;
				GCC_WARN_UNUSED_VARIABLE = YES;
				INFOPLIST_FILE = Sources/SwiftCBOR/iOS/Info.plist;
				INSTALL_PATH = "$(LOCAL_LIBRARY_DIR)/Frameworks";
				IPHONEOS_DEPLOYMENT_TARGET = 8.0;
				LD_RUNPATH_SEARCH_PATHS = "$(inherited) @executable_path/Frameworks @loader_path/Frameworks";
				MTL_ENABLE_DEBUG_INFO = NO;
				MTL_FAST_MATH = YES;
				PRODUCT_BUNDLE_IDENTIFIER = SwiftCBOR;
				PRODUCT_NAME = SwiftCBOR;
				SDKROOT = iphoneos;
				SKIP_INSTALL = YES;
				SUPPORTED_PLATFORMS = "iphonesimulator iphoneos";
				SWIFT_VERSION = 5.0;
				SYMROOT = "build-iOS";
				TARGETED_DEVICE_FAMILY = "1,2";
				VALIDATE_PRODUCT = YES;
				VERSIONING_SYSTEM = "apple-generic";
				VERSION_INFO_PREFIX = "";
			};
			name = Release;
		};
		AADFBAAA22B088EA004EB856 /* Debug */ = {
			isa = XCBuildConfiguration;
			buildSettings = {
				ALWAYS_EMBED_SWIFT_STANDARD_LIBRARIES = YES;
				ALWAYS_SEARCH_USER_PATHS = NO;
				CLANG_ANALYZER_NONNULL = YES;
				CLANG_ANALYZER_NUMBER_OBJECT_CONVERSION = YES_AGGRESSIVE;
				CLANG_CXX_LANGUAGE_STANDARD = "gnu++14";
				CLANG_CXX_LIBRARY = "libc++";
				CLANG_ENABLE_MODULES = YES;
				CLANG_ENABLE_OBJC_WEAK = YES;
				CLANG_WARN_BLOCK_CAPTURE_AUTORELEASING = YES;
				CLANG_WARN_BOOL_CONVERSION = YES;
				CLANG_WARN_COMMA = YES;
				CLANG_WARN_CONSTANT_CONVERSION = YES;
				CLANG_WARN_DEPRECATED_OBJC_IMPLEMENTATIONS = YES;
				CLANG_WARN_DIRECT_OBJC_ISA_USAGE = YES_ERROR;
				CLANG_WARN_DOCUMENTATION_COMMENTS = YES;
				CLANG_WARN_EMPTY_BODY = YES;
				CLANG_WARN_ENUM_CONVERSION = YES;
				CLANG_WARN_INFINITE_RECURSION = YES;
				CLANG_WARN_INT_CONVERSION = YES;
				CLANG_WARN_NON_LITERAL_NULL_CONVERSION = YES;
				CLANG_WARN_OBJC_IMPLICIT_RETAIN_SELF = YES;
				CLANG_WARN_OBJC_LITERAL_CONVERSION = YES;
				CLANG_WARN_OBJC_ROOT_CLASS = YES_ERROR;
				CLANG_WARN_RANGE_LOOP_ANALYSIS = YES;
				CLANG_WARN_STRICT_PROTOTYPES = YES;
				CLANG_WARN_SUSPICIOUS_MOVE = YES;
				CLANG_WARN_UNGUARDED_AVAILABILITY = YES_AGGRESSIVE;
				CLANG_WARN_UNREACHABLE_CODE = YES;
				CLANG_WARN__DUPLICATE_METHOD_MATCH = YES;
				CODE_SIGN_STYLE = Automatic;
				ENABLE_STRICT_OBJC_MSGSEND = YES;
				ENABLE_TESTABILITY = YES;
				GCC_C_LANGUAGE_STANDARD = gnu11;
				GCC_DYNAMIC_NO_PIC = NO;
				GCC_NO_COMMON_BLOCKS = YES;
				GCC_PREPROCESSOR_DEFINITIONS = (
					"DEBUG=1",
					"$(inherited)",
				);
				GCC_WARN_64_TO_32_BIT_CONVERSION = YES;
				GCC_WARN_ABOUT_RETURN_TYPE = YES_ERROR;
				GCC_WARN_UNDECLARED_SELECTOR = YES;
				GCC_WARN_UNINITIALIZED_AUTOS = YES_AGGRESSIVE;
				GCC_WARN_UNUSED_FUNCTION = YES;
				GCC_WARN_UNUSED_VARIABLE = YES;
				INFOPLIST_FILE = Tests/SwiftCBORTests/iOS/Info.plist;
				IPHONEOS_DEPLOYMENT_TARGET = 8.0;
				LD_RUNPATH_SEARCH_PATHS = "$(inherited) @executable_path/Frameworks @loader_path/Frameworks";
				MTL_ENABLE_DEBUG_INFO = INCLUDE_SOURCE;
				MTL_FAST_MATH = YES;
				PRODUCT_BUNDLE_IDENTIFIER = "SwiftCBOR.SwiftCBOR-iOSTests";
				PRODUCT_NAME = "$(TARGET_NAME)";
				SDKROOT = iphoneos;
				SWIFT_ACTIVE_COMPILATION_CONDITIONS = DEBUG;
				SWIFT_VERSION = 5.0;
				TARGETED_DEVICE_FAMILY = "1,2";
			};
			name = Debug;
		};
		AADFBAAB22B088EA004EB856 /* Release */ = {
			isa = XCBuildConfiguration;
			buildSettings = {
				ALWAYS_EMBED_SWIFT_STANDARD_LIBRARIES = YES;
				ALWAYS_SEARCH_USER_PATHS = NO;
				CLANG_ANALYZER_NONNULL = YES;
				CLANG_ANALYZER_NUMBER_OBJECT_CONVERSION = YES_AGGRESSIVE;
				CLANG_CXX_LANGUAGE_STANDARD = "gnu++14";
				CLANG_CXX_LIBRARY = "libc++";
				CLANG_ENABLE_MODULES = YES;
				CLANG_ENABLE_OBJC_WEAK = YES;
				CLANG_WARN_BLOCK_CAPTURE_AUTORELEASING = YES;
				CLANG_WARN_BOOL_CONVERSION = YES;
				CLANG_WARN_COMMA = YES;
				CLANG_WARN_CONSTANT_CONVERSION = YES;
				CLANG_WARN_DEPRECATED_OBJC_IMPLEMENTATIONS = YES;
				CLANG_WARN_DIRECT_OBJC_ISA_USAGE = YES_ERROR;
				CLANG_WARN_DOCUMENTATION_COMMENTS = YES;
				CLANG_WARN_EMPTY_BODY = YES;
				CLANG_WARN_ENUM_CONVERSION = YES;
				CLANG_WARN_INFINITE_RECURSION = YES;
				CLANG_WARN_INT_CONVERSION = YES;
				CLANG_WARN_NON_LITERAL_NULL_CONVERSION = YES;
				CLANG_WARN_OBJC_IMPLICIT_RETAIN_SELF = YES;
				CLANG_WARN_OBJC_LITERAL_CONVERSION = YES;
				CLANG_WARN_OBJC_ROOT_CLASS = YES_ERROR;
				CLANG_WARN_RANGE_LOOP_ANALYSIS = YES;
				CLANG_WARN_STRICT_PROTOTYPES = YES;
				CLANG_WARN_SUSPICIOUS_MOVE = YES;
				CLANG_WARN_UNGUARDED_AVAILABILITY = YES_AGGRESSIVE;
				CLANG_WARN_UNREACHABLE_CODE = YES;
				CLANG_WARN__DUPLICATE_METHOD_MATCH = YES;
				CODE_SIGN_STYLE = Automatic;
				COPY_PHASE_STRIP = NO;
				ENABLE_NS_ASSERTIONS = NO;
				ENABLE_STRICT_OBJC_MSGSEND = YES;
				GCC_C_LANGUAGE_STANDARD = gnu11;
				GCC_NO_COMMON_BLOCKS = YES;
				GCC_WARN_64_TO_32_BIT_CONVERSION = YES;
				GCC_WARN_ABOUT_RETURN_TYPE = YES_ERROR;
				GCC_WARN_UNDECLARED_SELECTOR = YES;
				GCC_WARN_UNINITIALIZED_AUTOS = YES_AGGRESSIVE;
				GCC_WARN_UNUSED_FUNCTION = YES;
				GCC_WARN_UNUSED_VARIABLE = YES;
				INFOPLIST_FILE = Tests/SwiftCBORTests/iOS/Info.plist;
				IPHONEOS_DEPLOYMENT_TARGET = 8.0;
				LD_RUNPATH_SEARCH_PATHS = "$(inherited) @executable_path/Frameworks @loader_path/Frameworks";
				MTL_ENABLE_DEBUG_INFO = NO;
				MTL_FAST_MATH = YES;
				PRODUCT_BUNDLE_IDENTIFIER = "SwiftCBOR.SwiftCBOR-iOSTests";
				PRODUCT_NAME = "$(TARGET_NAME)";
				SDKROOT = iphoneos;
				SWIFT_VERSION = 5.0;
				TARGETED_DEVICE_FAMILY = "1,2";
				VALIDATE_PRODUCT = YES;
			};
			name = Release;
		};
		AADFBAC322B0893F004EB856 /* Debug */ = {
			isa = XCBuildConfiguration;
			buildSettings = {
				ALWAYS_SEARCH_USER_PATHS = NO;
				CLANG_ANALYZER_NONNULL = YES;
				CLANG_ANALYZER_NUMBER_OBJECT_CONVERSION = YES_AGGRESSIVE;
				CLANG_CXX_LANGUAGE_STANDARD = "gnu++14";
				CLANG_CXX_LIBRARY = "libc++";
				CLANG_ENABLE_MODULES = YES;
				CLANG_ENABLE_OBJC_WEAK = YES;
				CLANG_WARN_BLOCK_CAPTURE_AUTORELEASING = YES;
				CLANG_WARN_BOOL_CONVERSION = YES;
				CLANG_WARN_COMMA = YES;
				CLANG_WARN_CONSTANT_CONVERSION = YES;
				CLANG_WARN_DEPRECATED_OBJC_IMPLEMENTATIONS = YES;
				CLANG_WARN_DIRECT_OBJC_ISA_USAGE = YES_ERROR;
				CLANG_WARN_DOCUMENTATION_COMMENTS = YES;
				CLANG_WARN_EMPTY_BODY = YES;
				CLANG_WARN_ENUM_CONVERSION = YES;
				CLANG_WARN_INFINITE_RECURSION = YES;
				CLANG_WARN_INT_CONVERSION = YES;
				CLANG_WARN_NON_LITERAL_NULL_CONVERSION = YES;
				CLANG_WARN_OBJC_IMPLICIT_RETAIN_SELF = YES;
				CLANG_WARN_OBJC_LITERAL_CONVERSION = YES;
				CLANG_WARN_OBJC_ROOT_CLASS = YES_ERROR;
				CLANG_WARN_RANGE_LOOP_ANALYSIS = YES;
				CLANG_WARN_STRICT_PROTOTYPES = YES;
				CLANG_WARN_SUSPICIOUS_MOVE = YES;
				CLANG_WARN_UNGUARDED_AVAILABILITY = YES_AGGRESSIVE;
				CLANG_WARN_UNREACHABLE_CODE = YES;
				CLANG_WARN__DUPLICATE_METHOD_MATCH = YES;
				CODE_SIGN_STYLE = Automatic;
				CURRENT_PROJECT_VERSION = 1;
				DEFINES_MODULE = YES;
				DYLIB_COMPATIBILITY_VERSION = 1;
				DYLIB_CURRENT_VERSION = 1;
				DYLIB_INSTALL_NAME_BASE = "@rpath";
				ENABLE_STRICT_OBJC_MSGSEND = YES;
				ENABLE_TESTABILITY = YES;
				GCC_C_LANGUAGE_STANDARD = gnu11;
				GCC_DYNAMIC_NO_PIC = NO;
				GCC_NO_COMMON_BLOCKS = YES;
				GCC_PREPROCESSOR_DEFINITIONS = (
					"DEBUG=1",
					"$(inherited)",
				);
				GCC_WARN_64_TO_32_BIT_CONVERSION = YES;
				GCC_WARN_ABOUT_RETURN_TYPE = YES_ERROR;
				GCC_WARN_UNDECLARED_SELECTOR = YES;
				GCC_WARN_UNINITIALIZED_AUTOS = YES_AGGRESSIVE;
				GCC_WARN_UNUSED_FUNCTION = YES;
				GCC_WARN_UNUSED_VARIABLE = YES;
				INFOPLIST_FILE = Sources/SwiftCBOR/tvOS/Info.plist;
				INSTALL_PATH = "$(LOCAL_LIBRARY_DIR)/Frameworks";
				LD_RUNPATH_SEARCH_PATHS = "$(inherited) @executable_path/Frameworks @loader_path/Frameworks";
				MTL_ENABLE_DEBUG_INFO = INCLUDE_SOURCE;
				MTL_FAST_MATH = YES;
				PRODUCT_BUNDLE_IDENTIFIER = SwiftCBOR;
				PRODUCT_NAME = SwiftCBOR;
				SDKROOT = appletvos;
				SKIP_INSTALL = YES;
				SUPPORTED_PLATFORMS = "appletvsimulator appletvos";
				SWIFT_ACTIVE_COMPILATION_CONDITIONS = DEBUG;
				SWIFT_VERSION = 5.0;
				SYMROOT = "build-tvOS";
				TARGETED_DEVICE_FAMILY = 3;
				TVOS_DEPLOYMENT_TARGET = 9.0;
				VERSIONING_SYSTEM = "apple-generic";
				VERSION_INFO_PREFIX = "";
			};
			name = Debug;
		};
		AADFBAC422B0893F004EB856 /* Release */ = {
			isa = XCBuildConfiguration;
			buildSettings = {
				ALWAYS_SEARCH_USER_PATHS = NO;
				CLANG_ANALYZER_NONNULL = YES;
				CLANG_ANALYZER_NUMBER_OBJECT_CONVERSION = YES_AGGRESSIVE;
				CLANG_CXX_LANGUAGE_STANDARD = "gnu++14";
				CLANG_CXX_LIBRARY = "libc++";
				CLANG_ENABLE_MODULES = YES;
				CLANG_ENABLE_OBJC_WEAK = YES;
				CLANG_WARN_BLOCK_CAPTURE_AUTORELEASING = YES;
				CLANG_WARN_BOOL_CONVERSION = YES;
				CLANG_WARN_COMMA = YES;
				CLANG_WARN_CONSTANT_CONVERSION = YES;
				CLANG_WARN_DEPRECATED_OBJC_IMPLEMENTATIONS = YES;
				CLANG_WARN_DIRECT_OBJC_ISA_USAGE = YES_ERROR;
				CLANG_WARN_DOCUMENTATION_COMMENTS = YES;
				CLANG_WARN_EMPTY_BODY = YES;
				CLANG_WARN_ENUM_CONVERSION = YES;
				CLANG_WARN_INFINITE_RECURSION = YES;
				CLANG_WARN_INT_CONVERSION = YES;
				CLANG_WARN_NON_LITERAL_NULL_CONVERSION = YES;
				CLANG_WARN_OBJC_IMPLICIT_RETAIN_SELF = YES;
				CLANG_WARN_OBJC_LITERAL_CONVERSION = YES;
				CLANG_WARN_OBJC_ROOT_CLASS = YES_ERROR;
				CLANG_WARN_RANGE_LOOP_ANALYSIS = YES;
				CLANG_WARN_STRICT_PROTOTYPES = YES;
				CLANG_WARN_SUSPICIOUS_MOVE = YES;
				CLANG_WARN_UNGUARDED_AVAILABILITY = YES_AGGRESSIVE;
				CLANG_WARN_UNREACHABLE_CODE = YES;
				CLANG_WARN__DUPLICATE_METHOD_MATCH = YES;
				CODE_SIGN_STYLE = Automatic;
				COPY_PHASE_STRIP = NO;
				CURRENT_PROJECT_VERSION = 1;
				DEFINES_MODULE = YES;
				DYLIB_COMPATIBILITY_VERSION = 1;
				DYLIB_CURRENT_VERSION = 1;
				DYLIB_INSTALL_NAME_BASE = "@rpath";
				ENABLE_NS_ASSERTIONS = NO;
				ENABLE_STRICT_OBJC_MSGSEND = YES;
				GCC_C_LANGUAGE_STANDARD = gnu11;
				GCC_NO_COMMON_BLOCKS = YES;
				GCC_WARN_64_TO_32_BIT_CONVERSION = YES;
				GCC_WARN_ABOUT_RETURN_TYPE = YES_ERROR;
				GCC_WARN_UNDECLARED_SELECTOR = YES;
				GCC_WARN_UNINITIALIZED_AUTOS = YES_AGGRESSIVE;
				GCC_WARN_UNUSED_FUNCTION = YES;
				GCC_WARN_UNUSED_VARIABLE = YES;
				INFOPLIST_FILE = Sources/SwiftCBOR/tvOS/Info.plist;
				INSTALL_PATH = "$(LOCAL_LIBRARY_DIR)/Frameworks";
				LD_RUNPATH_SEARCH_PATHS = "$(inherited) @executable_path/Frameworks @loader_path/Frameworks";
				MTL_ENABLE_DEBUG_INFO = NO;
				MTL_FAST_MATH = YES;
				PRODUCT_BUNDLE_IDENTIFIER = SwiftCBOR;
				PRODUCT_NAME = SwiftCBOR;
				SDKROOT = appletvos;
				SKIP_INSTALL = YES;
				SUPPORTED_PLATFORMS = "appletvsimulator appletvos";
				SWIFT_VERSION = 5.0;
				SYMROOT = "build-tvOS";
				TARGETED_DEVICE_FAMILY = 3;
				TVOS_DEPLOYMENT_TARGET = 9.0;
				VALIDATE_PRODUCT = YES;
				VERSIONING_SYSTEM = "apple-generic";
				VERSION_INFO_PREFIX = "";
			};
			name = Release;
		};
		AADFBAC622B0893F004EB856 /* Debug */ = {
			isa = XCBuildConfiguration;
			buildSettings = {
				ALWAYS_EMBED_SWIFT_STANDARD_LIBRARIES = YES;
				ALWAYS_SEARCH_USER_PATHS = NO;
				CLANG_ANALYZER_NONNULL = YES;
				CLANG_ANALYZER_NUMBER_OBJECT_CONVERSION = YES_AGGRESSIVE;
				CLANG_CXX_LANGUAGE_STANDARD = "gnu++14";
				CLANG_CXX_LIBRARY = "libc++";
				CLANG_ENABLE_MODULES = YES;
				CLANG_ENABLE_OBJC_WEAK = YES;
				CLANG_WARN_BLOCK_CAPTURE_AUTORELEASING = YES;
				CLANG_WARN_BOOL_CONVERSION = YES;
				CLANG_WARN_COMMA = YES;
				CLANG_WARN_CONSTANT_CONVERSION = YES;
				CLANG_WARN_DEPRECATED_OBJC_IMPLEMENTATIONS = YES;
				CLANG_WARN_DIRECT_OBJC_ISA_USAGE = YES_ERROR;
				CLANG_WARN_DOCUMENTATION_COMMENTS = YES;
				CLANG_WARN_EMPTY_BODY = YES;
				CLANG_WARN_ENUM_CONVERSION = YES;
				CLANG_WARN_INFINITE_RECURSION = YES;
				CLANG_WARN_INT_CONVERSION = YES;
				CLANG_WARN_NON_LITERAL_NULL_CONVERSION = YES;
				CLANG_WARN_OBJC_IMPLICIT_RETAIN_SELF = YES;
				CLANG_WARN_OBJC_LITERAL_CONVERSION = YES;
				CLANG_WARN_OBJC_ROOT_CLASS = YES_ERROR;
				CLANG_WARN_RANGE_LOOP_ANALYSIS = YES;
				CLANG_WARN_STRICT_PROTOTYPES = YES;
				CLANG_WARN_SUSPICIOUS_MOVE = YES;
				CLANG_WARN_UNGUARDED_AVAILABILITY = YES_AGGRESSIVE;
				CLANG_WARN_UNREACHABLE_CODE = YES;
				CLANG_WARN__DUPLICATE_METHOD_MATCH = YES;
				CODE_SIGN_STYLE = Automatic;
				ENABLE_STRICT_OBJC_MSGSEND = YES;
				ENABLE_TESTABILITY = YES;
				GCC_C_LANGUAGE_STANDARD = gnu11;
				GCC_DYNAMIC_NO_PIC = NO;
				GCC_NO_COMMON_BLOCKS = YES;
				GCC_PREPROCESSOR_DEFINITIONS = (
					"DEBUG=1",
					"$(inherited)",
				);
				GCC_WARN_64_TO_32_BIT_CONVERSION = YES;
				GCC_WARN_ABOUT_RETURN_TYPE = YES_ERROR;
				GCC_WARN_UNDECLARED_SELECTOR = YES;
				GCC_WARN_UNINITIALIZED_AUTOS = YES_AGGRESSIVE;
				GCC_WARN_UNUSED_FUNCTION = YES;
				GCC_WARN_UNUSED_VARIABLE = YES;
				INFOPLIST_FILE = Tests/SwiftCBORTests/tvOS/Info.plist;
				LD_RUNPATH_SEARCH_PATHS = "$(inherited) @executable_path/Frameworks @loader_path/Frameworks";
				MTL_ENABLE_DEBUG_INFO = INCLUDE_SOURCE;
				MTL_FAST_MATH = YES;
				PRODUCT_BUNDLE_IDENTIFIER = "SwiftCBOR.SwiftCBOR-tvOSTests";
				PRODUCT_NAME = "$(TARGET_NAME)";
				SDKROOT = appletvos;
				SWIFT_ACTIVE_COMPILATION_CONDITIONS = DEBUG;
				SWIFT_VERSION = 5.0;
				TARGETED_DEVICE_FAMILY = 3;
				TVOS_DEPLOYMENT_TARGET = 9.0;
			};
			name = Debug;
		};
		AADFBAC722B0893F004EB856 /* Release */ = {
			isa = XCBuildConfiguration;
			buildSettings = {
				ALWAYS_EMBED_SWIFT_STANDARD_LIBRARIES = YES;
				ALWAYS_SEARCH_USER_PATHS = NO;
				CLANG_ANALYZER_NONNULL = YES;
				CLANG_ANALYZER_NUMBER_OBJECT_CONVERSION = YES_AGGRESSIVE;
				CLANG_CXX_LANGUAGE_STANDARD = "gnu++14";
				CLANG_CXX_LIBRARY = "libc++";
				CLANG_ENABLE_MODULES = YES;
				CLANG_ENABLE_OBJC_WEAK = YES;
				CLANG_WARN_BLOCK_CAPTURE_AUTORELEASING = YES;
				CLANG_WARN_BOOL_CONVERSION = YES;
				CLANG_WARN_COMMA = YES;
				CLANG_WARN_CONSTANT_CONVERSION = YES;
				CLANG_WARN_DEPRECATED_OBJC_IMPLEMENTATIONS = YES;
				CLANG_WARN_DIRECT_OBJC_ISA_USAGE = YES_ERROR;
				CLANG_WARN_DOCUMENTATION_COMMENTS = YES;
				CLANG_WARN_EMPTY_BODY = YES;
				CLANG_WARN_ENUM_CONVERSION = YES;
				CLANG_WARN_INFINITE_RECURSION = YES;
				CLANG_WARN_INT_CONVERSION = YES;
				CLANG_WARN_NON_LITERAL_NULL_CONVERSION = YES;
				CLANG_WARN_OBJC_IMPLICIT_RETAIN_SELF = YES;
				CLANG_WARN_OBJC_LITERAL_CONVERSION = YES;
				CLANG_WARN_OBJC_ROOT_CLASS = YES_ERROR;
				CLANG_WARN_RANGE_LOOP_ANALYSIS = YES;
				CLANG_WARN_STRICT_PROTOTYPES = YES;
				CLANG_WARN_SUSPICIOUS_MOVE = YES;
				CLANG_WARN_UNGUARDED_AVAILABILITY = YES_AGGRESSIVE;
				CLANG_WARN_UNREACHABLE_CODE = YES;
				CLANG_WARN__DUPLICATE_METHOD_MATCH = YES;
				CODE_SIGN_STYLE = Automatic;
				COPY_PHASE_STRIP = NO;
				ENABLE_NS_ASSERTIONS = NO;
				ENABLE_STRICT_OBJC_MSGSEND = YES;
				GCC_C_LANGUAGE_STANDARD = gnu11;
				GCC_NO_COMMON_BLOCKS = YES;
				GCC_WARN_64_TO_32_BIT_CONVERSION = YES;
				GCC_WARN_ABOUT_RETURN_TYPE = YES_ERROR;
				GCC_WARN_UNDECLARED_SELECTOR = YES;
				GCC_WARN_UNINITIALIZED_AUTOS = YES_AGGRESSIVE;
				GCC_WARN_UNUSED_FUNCTION = YES;
				GCC_WARN_UNUSED_VARIABLE = YES;
				INFOPLIST_FILE = Tests/SwiftCBORTests/tvOS/Info.plist;
				LD_RUNPATH_SEARCH_PATHS = "$(inherited) @executable_path/Frameworks @loader_path/Frameworks";
				MTL_ENABLE_DEBUG_INFO = NO;
				MTL_FAST_MATH = YES;
				PRODUCT_BUNDLE_IDENTIFIER = "SwiftCBOR.SwiftCBOR-tvOSTests";
				PRODUCT_NAME = "$(TARGET_NAME)";
				SDKROOT = appletvos;
				SWIFT_VERSION = 5.0;
				TARGETED_DEVICE_FAMILY = 3;
				TVOS_DEPLOYMENT_TARGET = 9.0;
				VALIDATE_PRODUCT = YES;
			};
			name = Release;
		};
		AADFBAEF22B08A06004EB856 /* Debug */ = {
			isa = XCBuildConfiguration;
			buildSettings = {
				ALWAYS_SEARCH_USER_PATHS = NO;
				APPLICATION_EXTENSION_API_ONLY = YES;
				CLANG_ANALYZER_NONNULL = YES;
				CLANG_ANALYZER_NUMBER_OBJECT_CONVERSION = YES_AGGRESSIVE;
				CLANG_CXX_LANGUAGE_STANDARD = "gnu++14";
				CLANG_CXX_LIBRARY = "libc++";
				CLANG_ENABLE_MODULES = YES;
				CLANG_ENABLE_OBJC_WEAK = YES;
				CLANG_WARN_BLOCK_CAPTURE_AUTORELEASING = YES;
				CLANG_WARN_BOOL_CONVERSION = YES;
				CLANG_WARN_COMMA = YES;
				CLANG_WARN_CONSTANT_CONVERSION = YES;
				CLANG_WARN_DEPRECATED_OBJC_IMPLEMENTATIONS = YES;
				CLANG_WARN_DIRECT_OBJC_ISA_USAGE = YES_ERROR;
				CLANG_WARN_DOCUMENTATION_COMMENTS = YES;
				CLANG_WARN_EMPTY_BODY = YES;
				CLANG_WARN_ENUM_CONVERSION = YES;
				CLANG_WARN_INFINITE_RECURSION = YES;
				CLANG_WARN_INT_CONVERSION = YES;
				CLANG_WARN_NON_LITERAL_NULL_CONVERSION = YES;
				CLANG_WARN_OBJC_IMPLICIT_RETAIN_SELF = YES;
				CLANG_WARN_OBJC_LITERAL_CONVERSION = YES;
				CLANG_WARN_OBJC_ROOT_CLASS = YES_ERROR;
				CLANG_WARN_RANGE_LOOP_ANALYSIS = YES;
				CLANG_WARN_STRICT_PROTOTYPES = YES;
				CLANG_WARN_SUSPICIOUS_MOVE = YES;
				CLANG_WARN_UNGUARDED_AVAILABILITY = YES_AGGRESSIVE;
				CLANG_WARN_UNREACHABLE_CODE = YES;
				CLANG_WARN__DUPLICATE_METHOD_MATCH = YES;
				CODE_SIGN_STYLE = Automatic;
				CURRENT_PROJECT_VERSION = 1;
				DEFINES_MODULE = YES;
				DYLIB_COMPATIBILITY_VERSION = 1;
				DYLIB_CURRENT_VERSION = 1;
				DYLIB_INSTALL_NAME_BASE = "@rpath";
				ENABLE_STRICT_OBJC_MSGSEND = YES;
				ENABLE_TESTABILITY = YES;
				GCC_C_LANGUAGE_STANDARD = gnu11;
				GCC_DYNAMIC_NO_PIC = NO;
				GCC_NO_COMMON_BLOCKS = YES;
				GCC_PREPROCESSOR_DEFINITIONS = (
					"DEBUG=1",
					"$(inherited)",
				);
				GCC_WARN_64_TO_32_BIT_CONVERSION = YES;
				GCC_WARN_ABOUT_RETURN_TYPE = YES_ERROR;
				GCC_WARN_UNDECLARED_SELECTOR = YES;
				GCC_WARN_UNINITIALIZED_AUTOS = YES_AGGRESSIVE;
				GCC_WARN_UNUSED_FUNCTION = YES;
				GCC_WARN_UNUSED_VARIABLE = YES;
				INFOPLIST_FILE = Sources/SwiftCBOR/watchOS/Info.plist;
				INSTALL_PATH = "$(LOCAL_LIBRARY_DIR)/Frameworks";
				LD_RUNPATH_SEARCH_PATHS = "$(inherited) @executable_path/Frameworks @loader_path/Frameworks";
				MTL_ENABLE_DEBUG_INFO = INCLUDE_SOURCE;
				MTL_FAST_MATH = YES;
				PRODUCT_BUNDLE_IDENTIFIER = SwiftCBOR;
				PRODUCT_NAME = SwiftCBOR;
				SDKROOT = watchos;
				SKIP_INSTALL = YES;
				SUPPORTED_PLATFORMS = "watchsimulator watchos";
				SWIFT_ACTIVE_COMPILATION_CONDITIONS = DEBUG;
				SWIFT_VERSION = 5.0;
				SYMROOT = "build-watchOS";
				TARGETED_DEVICE_FAMILY = 4;
				VERSIONING_SYSTEM = "apple-generic";
				VERSION_INFO_PREFIX = "";
				WATCHOS_DEPLOYMENT_TARGET = 3.0;
			};
			name = Debug;
		};
		AADFBAF022B08A06004EB856 /* Release */ = {
			isa = XCBuildConfiguration;
			buildSettings = {
				ALWAYS_SEARCH_USER_PATHS = NO;
				APPLICATION_EXTENSION_API_ONLY = YES;
				CLANG_ANALYZER_NONNULL = YES;
				CLANG_ANALYZER_NUMBER_OBJECT_CONVERSION = YES_AGGRESSIVE;
				CLANG_CXX_LANGUAGE_STANDARD = "gnu++14";
				CLANG_CXX_LIBRARY = "libc++";
				CLANG_ENABLE_MODULES = YES;
				CLANG_ENABLE_OBJC_WEAK = YES;
				CLANG_WARN_BLOCK_CAPTURE_AUTORELEASING = YES;
				CLANG_WARN_BOOL_CONVERSION = YES;
				CLANG_WARN_COMMA = YES;
				CLANG_WARN_CONSTANT_CONVERSION = YES;
				CLANG_WARN_DEPRECATED_OBJC_IMPLEMENTATIONS = YES;
				CLANG_WARN_DIRECT_OBJC_ISA_USAGE = YES_ERROR;
				CLANG_WARN_DOCUMENTATION_COMMENTS = YES;
				CLANG_WARN_EMPTY_BODY = YES;
				CLANG_WARN_ENUM_CONVERSION = YES;
				CLANG_WARN_INFINITE_RECURSION = YES;
				CLANG_WARN_INT_CONVERSION = YES;
				CLANG_WARN_NON_LITERAL_NULL_CONVERSION = YES;
				CLANG_WARN_OBJC_IMPLICIT_RETAIN_SELF = YES;
				CLANG_WARN_OBJC_LITERAL_CONVERSION = YES;
				CLANG_WARN_OBJC_ROOT_CLASS = YES_ERROR;
				CLANG_WARN_RANGE_LOOP_ANALYSIS = YES;
				CLANG_WARN_STRICT_PROTOTYPES = YES;
				CLANG_WARN_SUSPICIOUS_MOVE = YES;
				CLANG_WARN_UNGUARDED_AVAILABILITY = YES_AGGRESSIVE;
				CLANG_WARN_UNREACHABLE_CODE = YES;
				CLANG_WARN__DUPLICATE_METHOD_MATCH = YES;
				CODE_SIGN_STYLE = Automatic;
				COPY_PHASE_STRIP = NO;
				CURRENT_PROJECT_VERSION = 1;
				DEFINES_MODULE = YES;
				DYLIB_COMPATIBILITY_VERSION = 1;
				DYLIB_CURRENT_VERSION = 1;
				DYLIB_INSTALL_NAME_BASE = "@rpath";
				ENABLE_NS_ASSERTIONS = NO;
				ENABLE_STRICT_OBJC_MSGSEND = YES;
				GCC_C_LANGUAGE_STANDARD = gnu11;
				GCC_NO_COMMON_BLOCKS = YES;
				GCC_WARN_64_TO_32_BIT_CONVERSION = YES;
				GCC_WARN_ABOUT_RETURN_TYPE = YES_ERROR;
				GCC_WARN_UNDECLARED_SELECTOR = YES;
				GCC_WARN_UNINITIALIZED_AUTOS = YES_AGGRESSIVE;
				GCC_WARN_UNUSED_FUNCTION = YES;
				GCC_WARN_UNUSED_VARIABLE = YES;
				INFOPLIST_FILE = Sources/SwiftCBOR/watchOS/Info.plist;
				INSTALL_PATH = "$(LOCAL_LIBRARY_DIR)/Frameworks";
				LD_RUNPATH_SEARCH_PATHS = "$(inherited) @executable_path/Frameworks @loader_path/Frameworks";
				MTL_ENABLE_DEBUG_INFO = NO;
				MTL_FAST_MATH = YES;
				PRODUCT_BUNDLE_IDENTIFIER = SwiftCBOR;
				PRODUCT_NAME = SwiftCBOR;
				SDKROOT = watchos;
				SKIP_INSTALL = YES;
				SUPPORTED_PLATFORMS = "watchsimulator watchos";
				SWIFT_VERSION = 5.0;
				SYMROOT = "build-watchOS";
				TARGETED_DEVICE_FAMILY = 4;
				VALIDATE_PRODUCT = YES;
				VERSIONING_SYSTEM = "apple-generic";
				VERSION_INFO_PREFIX = "";
				WATCHOS_DEPLOYMENT_TARGET = 3.0;
			};
			name = Release;
		};
		OBJ_3 /* Debug */ = {
			isa = XCBuildConfiguration;
			buildSettings = {
				CLANG_ENABLE_OBJC_ARC = YES;
				COMBINE_HIDPI_IMAGES = YES;
				COPY_PHASE_STRIP = NO;
				DEBUG_INFORMATION_FORMAT = dwarf;
				DYLIB_INSTALL_NAME_BASE = "@rpath";
				ENABLE_NS_ASSERTIONS = YES;
				GCC_OPTIMIZATION_LEVEL = 0;
				GCC_PREPROCESSOR_DEFINITIONS = (
					"$(inherited)",
					"SWIFT_PACKAGE=1",
					"DEBUG=1",
				);
				MACOSX_DEPLOYMENT_TARGET = 10.10;
				ONLY_ACTIVE_ARCH = YES;
				OTHER_SWIFT_FLAGS = "-DXcode";
				PRODUCT_NAME = "$(TARGET_NAME)";
				SDKROOT = macosx;
				SUPPORTED_PLATFORMS = "macosx iphoneos iphonesimulator appletvos appletvsimulator watchos watchsimulator";
				SWIFT_ACTIVE_COMPILATION_CONDITIONS = "$(inherited) SWIFT_PACKAGE DEBUG";
				SWIFT_OPTIMIZATION_LEVEL = "-Onone";
				USE_HEADERMAP = NO;
			};
			name = Debug;
		};
		OBJ_4 /* Release */ = {
			isa = XCBuildConfiguration;
			buildSettings = {
				CLANG_ENABLE_OBJC_ARC = YES;
				COMBINE_HIDPI_IMAGES = YES;
				COPY_PHASE_STRIP = YES;
				DEBUG_INFORMATION_FORMAT = "dwarf-with-dsym";
				DYLIB_INSTALL_NAME_BASE = "@rpath";
				GCC_OPTIMIZATION_LEVEL = s;
				GCC_PREPROCESSOR_DEFINITIONS = (
					"$(inherited)",
					"SWIFT_PACKAGE=1",
				);
				MACOSX_DEPLOYMENT_TARGET = 10.10;
				OTHER_SWIFT_FLAGS = "-DXcode";
				PRODUCT_NAME = "$(TARGET_NAME)";
				SDKROOT = macosx;
				SUPPORTED_PLATFORMS = "macosx iphoneos iphonesimulator appletvos appletvsimulator watchos watchsimulator";
				SWIFT_ACTIVE_COMPILATION_CONDITIONS = "$(inherited) SWIFT_PACKAGE";
				SWIFT_OPTIMIZATION_LEVEL = "-Owholemodule";
				USE_HEADERMAP = NO;
			};
			name = Release;
		};
/* End XCBuildConfiguration section */

/* Begin XCConfigurationList section */
		AA18F74822B09CC6009E5808 /* Build configuration list for PBXNativeTarget "SwiftCBOR-macOS" */ = {
			isa = XCConfigurationList;
			buildConfigurations = (
				AA18F74922B09CC6009E5808 /* Debug */,
				AA18F74A22B09CC6009E5808 /* Release */,
			);
			defaultConfigurationIsVisible = 0;
			defaultConfigurationName = Release;
		};
		AA18F74B22B09CC6009E5808 /* Build configuration list for PBXNativeTarget "SwiftCBOR-macOSTests" */ = {
			isa = XCConfigurationList;
			buildConfigurations = (
				AA18F74C22B09CC6009E5808 /* Debug */,
				AA18F74D22B09CC6009E5808 /* Release */,
			);
			defaultConfigurationIsVisible = 0;
			defaultConfigurationName = Release;
		};
		AADFBAA622B088EA004EB856 /* Build configuration list for PBXNativeTarget "SwiftCBOR-iOS" */ = {
			isa = XCConfigurationList;
			buildConfigurations = (
				AADFBAA722B088EA004EB856 /* Debug */,
				AADFBAA822B088EA004EB856 /* Release */,
			);
			defaultConfigurationIsVisible = 0;
			defaultConfigurationName = Release;
		};
		AADFBAA922B088EA004EB856 /* Build configuration list for PBXNativeTarget "SwiftCBOR-iOSTests" */ = {
			isa = XCConfigurationList;
			buildConfigurations = (
				AADFBAAA22B088EA004EB856 /* Debug */,
				AADFBAAB22B088EA004EB856 /* Release */,
			);
			defaultConfigurationIsVisible = 0;
			defaultConfigurationName = Release;
		};
		AADFBAC222B0893F004EB856 /* Build configuration list for PBXNativeTarget "SwiftCBOR-tvOS" */ = {
			isa = XCConfigurationList;
			buildConfigurations = (
				AADFBAC322B0893F004EB856 /* Debug */,
				AADFBAC422B0893F004EB856 /* Release */,
			);
			defaultConfigurationIsVisible = 0;
			defaultConfigurationName = Release;
		};
		AADFBAC522B0893F004EB856 /* Build configuration list for PBXNativeTarget "SwiftCBOR-tvOSTests" */ = {
			isa = XCConfigurationList;
			buildConfigurations = (
				AADFBAC622B0893F004EB856 /* Debug */,
				AADFBAC722B0893F004EB856 /* Release */,
			);
			defaultConfigurationIsVisible = 0;
			defaultConfigurationName = Release;
		};
		AADFBAEE22B08A06004EB856 /* Build configuration list for PBXNativeTarget "SwiftCBOR-watchOS" */ = {
			isa = XCConfigurationList;
			buildConfigurations = (
				AADFBAEF22B08A06004EB856 /* Debug */,
				AADFBAF022B08A06004EB856 /* Release */,
			);
			defaultConfigurationIsVisible = 0;
			defaultConfigurationName = Release;
		};
		OBJ_2 /* Build configuration list for PBXProject "SwiftCBOR" */ = {
			isa = XCConfigurationList;
			buildConfigurations = (
				OBJ_3 /* Debug */,
				OBJ_4 /* Release */,
			);
			defaultConfigurationIsVisible = 0;
			defaultConfigurationName = Release;
		};
/* End XCConfigurationList section */
	};
	rootObject = OBJ_1 /* Project object */;
}
